// !$*UTF8*$!
{
	archiveVersion = 1;
	classes = {
	};
	objectVersion = 55;
	objects = {

/* Begin PBXBuildFile section */
		2FDA38751F687069DE00C5A5 /* Pods_XMUI_OC.framework in Frameworks */ = {isa = PBXBuildFile; fileRef = 3C44539344E15FCB835361F2 /* Pods_XMUI_OC.framework */; };
		E53CDC78283F3DB500B6AB00 /* AppDelegate.m in Sources */ = {isa = PBXBuildFile; fileRef = E53CDC77283F3DB500B6AB00 /* AppDelegate.m */; };
		E53CDC7B283F3DB500B6AB00 /* SceneDelegate.m in Sources */ = {isa = PBXBuildFile; fileRef = E53CDC7A283F3DB500B6AB00 /* SceneDelegate.m */; };
		E53CDC7E283F3DB500B6AB00 /* ViewController.m in Sources */ = {isa = PBXBuildFile; fileRef = E53CDC7D283F3DB500B6AB00 /* ViewController.m */; };
		E53CDC81283F3DB500B6AB00 /* Main.storyboard in Resources */ = {isa = PBXBuildFile; fileRef = E53CDC7F283F3DB500B6AB00 /* Main.storyboard */; };
		E53CDC83283F3DB600B6AB00 /* Assets.xcassets in Resources */ = {isa = PBXBuildFile; fileRef = E53CDC82283F3DB600B6AB00 /* Assets.xcassets */; };
		E53CDC86283F3DB600B6AB00 /* LaunchScreen.storyboard in Resources */ = {isa = PBXBuildFile; fileRef = E53CDC84283F3DB600B6AB00 /* LaunchScreen.storyboard */; };
		E53CDC89283F3DB600B6AB00 /* main.m in Sources */ = {isa = PBXBuildFile; fileRef = E53CDC88283F3DB600B6AB00 /* main.m */; };
		E53CDC95283F427E00B6AB00 /* UILabel+XMTool.m in Sources */ = {isa = PBXBuildFile; fileRef = E53CDC91283F427E00B6AB00 /* UILabel+XMTool.m */; };
		E53CDC96283F427E00B6AB00 /* XMLabel.m in Sources */ = {isa = PBXBuildFile; fileRef = E53CDC93283F427E00B6AB00 /* XMLabel.m */; };
		E53CDC9A283F42E600B6AB00 /* UITableView+XMTool.m in Sources */ = {isa = PBXBuildFile; fileRef = E53CDC98283F42E600B6AB00 /* UITableView+XMTool.m */; };
		E53CDCA3283F502D00B6AB00 /* UIColor+XMTool.m in Sources */ = {isa = PBXBuildFile; fileRef = E53CDCA2283F502D00B6AB00 /* UIColor+XMTool.m */; };
		E53CDCA7283F50DA00B6AB00 /* UIButton+XMTool.m in Sources */ = {isa = PBXBuildFile; fileRef = E53CDCA6283F50DA00B6AB00 /* UIButton+XMTool.m */; };
		E53CDCAF283F519200B6AB00 /* UIView+XMRotate360.m in Sources */ = {isa = PBXBuildFile; fileRef = E53CDCAC283F519200B6AB00 /* UIView+XMRotate360.m */; };
		E53CDCB0283F519200B6AB00 /* UIView+XMTool.m in Sources */ = {isa = PBXBuildFile; fileRef = E53CDCAD283F519200B6AB00 /* UIView+XMTool.m */; };
		E53CDCB1283F519200B6AB00 /* UIView+XMConvertRect.m in Sources */ = {isa = PBXBuildFile; fileRef = E53CDCAE283F519200B6AB00 /* UIView+XMConvertRect.m */; };
		E53CDCB4283F6A4E00B6AB00 /* XMCustomNaviView.m in Sources */ = {isa = PBXBuildFile; fileRef = E53CDCB3283F6A4E00B6AB00 /* XMCustomNaviView.m */; };
/* End PBXBuildFile section */

/* Begin PBXFileReference section */
		3C44539344E15FCB835361F2 /* Pods_XMUI_OC.framework */ = {isa = PBXFileReference; explicitFileType = wrapper.framework; includeInIndex = 0; path = Pods_XMUI_OC.framework; sourceTree = BUILT_PRODUCTS_DIR; };
		5036F11B7088385DCE192ACF /* Pods-XMUI_OC.release.xcconfig */ = {isa = PBXFileReference; includeInIndex = 1; lastKnownFileType = text.xcconfig; name = "Pods-XMUI_OC.release.xcconfig"; path = "Target Support Files/Pods-XMUI_OC/Pods-XMUI_OC.release.xcconfig"; sourceTree = "<group>"; };
		B0B116CDD9F7158C7D6F32B7 /* Pods-XMUI_OC.debug.xcconfig */ = {isa = PBXFileReference; includeInIndex = 1; lastKnownFileType = text.xcconfig; name = "Pods-XMUI_OC.debug.xcconfig"; path = "Target Support Files/Pods-XMUI_OC/Pods-XMUI_OC.debug.xcconfig"; sourceTree = "<group>"; };
		E53CDC73283F3DB500B6AB00 /* XMUI_OC.app */ = {isa = PBXFileReference; explicitFileType = wrapper.application; includeInIndex = 0; path = XMUI_OC.app; sourceTree = BUILT_PRODUCTS_DIR; };
		E53CDC76283F3DB500B6AB00 /* AppDelegate.h */ = {isa = PBXFileReference; lastKnownFileType = sourcecode.c.h; path = AppDelegate.h; sourceTree = "<group>"; };
		E53CDC77283F3DB500B6AB00 /* AppDelegate.m */ = {isa = PBXFileReference; lastKnownFileType = sourcecode.c.objc; path = AppDelegate.m; sourceTree = "<group>"; };
		E53CDC79283F3DB500B6AB00 /* SceneDelegate.h */ = {isa = PBXFileReference; lastKnownFileType = sourcecode.c.h; path = SceneDelegate.h; sourceTree = "<group>"; };
		E53CDC7A283F3DB500B6AB00 /* SceneDelegate.m */ = {isa = PBXFileReference; lastKnownFileType = sourcecode.c.objc; path = SceneDelegate.m; sourceTree = "<group>"; };
		E53CDC7C283F3DB500B6AB00 /* ViewController.h */ = {isa = PBXFileReference; lastKnownFileType = sourcecode.c.h; path = ViewController.h; sourceTree = "<group>"; };
		E53CDC7D283F3DB500B6AB00 /* ViewController.m */ = {isa = PBXFileReference; lastKnownFileType = sourcecode.c.objc; path = ViewController.m; sourceTree = "<group>"; };
		E53CDC80283F3DB500B6AB00 /* Base */ = {isa = PBXFileReference; lastKnownFileType = file.storyboard; name = Base; path = Base.lproj/Main.storyboard; sourceTree = "<group>"; };
		E53CDC82283F3DB600B6AB00 /* Assets.xcassets */ = {isa = PBXFileReference; lastKnownFileType = folder.assetcatalog; path = Assets.xcassets; sourceTree = "<group>"; };
		E53CDC85283F3DB600B6AB00 /* Base */ = {isa = PBXFileReference; lastKnownFileType = file.storyboard; name = Base; path = Base.lproj/LaunchScreen.storyboard; sourceTree = "<group>"; };
		E53CDC87283F3DB600B6AB00 /* Info.plist */ = {isa = PBXFileReference; lastKnownFileType = text.plist.xml; path = Info.plist; sourceTree = "<group>"; };
		E53CDC88283F3DB600B6AB00 /* main.m */ = {isa = PBXFileReference; lastKnownFileType = sourcecode.c.objc; path = main.m; sourceTree = "<group>"; };
		E53CDC91283F427E00B6AB00 /* UILabel+XMTool.m */ = {isa = PBXFileReference; fileEncoding = 4; lastKnownFileType = sourcecode.c.objc; path = "UILabel+XMTool.m"; sourceTree = "<group>"; };
		E53CDC92283F427E00B6AB00 /* XMLabel.h */ = {isa = PBXFileReference; fileEncoding = 4; lastKnownFileType = sourcecode.c.h; path = XMLabel.h; sourceTree = "<group>"; };
		E53CDC93283F427E00B6AB00 /* XMLabel.m */ = {isa = PBXFileReference; fileEncoding = 4; lastKnownFileType = sourcecode.c.objc; path = XMLabel.m; sourceTree = "<group>"; };
		E53CDC94283F427E00B6AB00 /* UILabel+XMTool.h */ = {isa = PBXFileReference; fileEncoding = 4; lastKnownFileType = sourcecode.c.h; path = "UILabel+XMTool.h"; sourceTree = "<group>"; };
		E53CDC98283F42E600B6AB00 /* UITableView+XMTool.m */ = {isa = PBXFileReference; fileEncoding = 4; lastKnownFileType = sourcecode.c.objc; path = "UITableView+XMTool.m"; sourceTree = "<group>"; };
		E53CDC99283F42E600B6AB00 /* UITableView+XMTool.h */ = {isa = PBXFileReference; fileEncoding = 4; lastKnownFileType = sourcecode.c.h; path = "UITableView+XMTool.h"; sourceTree = "<group>"; };
		E53CDC9B283F438F00B6AB00 /* XMSizeMacro.h */ = {isa = PBXFileReference; fileEncoding = 4; lastKnownFileType = sourcecode.c.h; path = XMSizeMacro.h; sourceTree = "<group>"; };
		E53CDCA1283F502D00B6AB00 /* UIColor+XMTool.h */ = {isa = PBXFileReference; fileEncoding = 4; lastKnownFileType = sourcecode.c.h; path = "UIColor+XMTool.h"; sourceTree = "<group>"; };
		E53CDCA2283F502D00B6AB00 /* UIColor+XMTool.m */ = {isa = PBXFileReference; fileEncoding = 4; lastKnownFileType = sourcecode.c.objc; path = "UIColor+XMTool.m"; sourceTree = "<group>"; };
		E53CDCA5283F50DA00B6AB00 /* UIButton+XMTool.h */ = {isa = PBXFileReference; fileEncoding = 4; lastKnownFileType = sourcecode.c.h; path = "UIButton+XMTool.h"; sourceTree = "<group>"; };
		E53CDCA6283F50DA00B6AB00 /* UIButton+XMTool.m */ = {isa = PBXFileReference; fileEncoding = 4; lastKnownFileType = sourcecode.c.objc; path = "UIButton+XMTool.m"; sourceTree = "<group>"; };
		E53CDCA9283F519200B6AB00 /* UIView+XMRotate360.h */ = {isa = PBXFileReference; fileEncoding = 4; lastKnownFileType = sourcecode.c.h; path = "UIView+XMRotate360.h"; sourceTree = "<group>"; };
		E53CDCAA283F519200B6AB00 /* UIView+XMConvertRect.h */ = {isa = PBXFileReference; fileEncoding = 4; lastKnownFileType = sourcecode.c.h; path = "UIView+XMConvertRect.h"; sourceTree = "<group>"; };
		E53CDCAB283F519200B6AB00 /* UIView+XMTool.h */ = {isa = PBXFileReference; fileEncoding = 4; lastKnownFileType = sourcecode.c.h; path = "UIView+XMTool.h"; sourceTree = "<group>"; };
		E53CDCAC283F519200B6AB00 /* UIView+XMRotate360.m */ = {isa = PBXFileReference; fileEncoding = 4; lastKnownFileType = sourcecode.c.objc; path = "UIView+XMRotate360.m"; sourceTree = "<group>"; };
		E53CDCAD283F519200B6AB00 /* UIView+XMTool.m */ = {isa = PBXFileReference; fileEncoding = 4; lastKnownFileType = sourcecode.c.objc; path = "UIView+XMTool.m"; sourceTree = "<group>"; };
		E53CDCAE283F519200B6AB00 /* UIView+XMConvertRect.m */ = {isa = PBXFileReference; fileEncoding = 4; lastKnownFileType = sourcecode.c.objc; path = "UIView+XMConvertRect.m"; sourceTree = "<group>"; };
		E53CDCB2283F6A4E00B6AB00 /* XMCustomNaviView.h */ = {isa = PBXFileReference; lastKnownFileType = sourcecode.c.h; path = XMCustomNaviView.h; sourceTree = "<group>"; };
		E53CDCB3283F6A4E00B6AB00 /* XMCustomNaviView.m */ = {isa = PBXFileReference; lastKnownFileType = sourcecode.c.objc; path = XMCustomNaviView.m; sourceTree = "<group>"; };
/* End PBXFileReference section */

/* Begin PBXFrameworksBuildPhase section */
		E53CDC70283F3DB500B6AB00 /* Frameworks */ = {
			isa = PBXFrameworksBuildPhase;
			buildActionMask = 2147483647;
			files = (
				2FDA38751F687069DE00C5A5 /* Pods_XMUI_OC.framework in Frameworks */,
			);
			runOnlyForDeploymentPostprocessing = 0;
		};
/* End PBXFrameworksBuildPhase section */

/* Begin PBXGroup section */
		1EB367DA03299910153853B6 /* Frameworks */ = {
			isa = PBXGroup;
			children = (
				3C44539344E15FCB835361F2 /* Pods_XMUI_OC.framework */,
			);
			name = Frameworks;
			sourceTree = "<group>";
		};
		E53CDC6A283F3DB500B6AB00 = {
			isa = PBXGroup;
			children = (
				E53CDC75283F3DB500B6AB00 /* XMUI_OC */,
				E53CDC74283F3DB500B6AB00 /* Products */,
				FAA24D633BBC10064ABDE163 /* Pods */,
				1EB367DA03299910153853B6 /* Frameworks */,
			);
			sourceTree = "<group>";
		};
		E53CDC74283F3DB500B6AB00 /* Products */ = {
			isa = PBXGroup;
			children = (
				E53CDC73283F3DB500B6AB00 /* XMUI_OC.app */,
			);
			name = Products;
			sourceTree = "<group>";
		};
		E53CDC75283F3DB500B6AB00 /* XMUI_OC */ = {
			isa = PBXGroup;
			children = (
				E53CDC76283F3DB500B6AB00 /* AppDelegate.h */,
				E53CDC77283F3DB500B6AB00 /* AppDelegate.m */,
				E53CDC79283F3DB500B6AB00 /* SceneDelegate.h */,
				E53CDC7A283F3DB500B6AB00 /* SceneDelegate.m */,
				E53CDC7C283F3DB500B6AB00 /* ViewController.h */,
				E53CDC7D283F3DB500B6AB00 /* ViewController.m */,
				E53CDC8F283F3F2300B6AB00 /* XMUITool(UI工具箱) */,
				E53CDC7F283F3DB500B6AB00 /* Main.storyboard */,
				E53CDC82283F3DB600B6AB00 /* Assets.xcassets */,
				E53CDC84283F3DB600B6AB00 /* LaunchScreen.storyboard */,
				E53CDC87283F3DB600B6AB00 /* Info.plist */,
				E53CDC88283F3DB600B6AB00 /* main.m */,
			);
			path = XMUI_OC;
			sourceTree = "<group>";
		};
		E53CDC8F283F3F2300B6AB00 /* XMUITool(UI工具箱) */ = {
			isa = PBXGroup;
			children = (
				E53CDC9B283F438F00B6AB00 /* XMSizeMacro.h */,
				E53CDCA8283F518200B6AB00 /* UIView */,
				E53CDCA4283F50C600B6AB00 /* UIButton */,
				E53CDCA0283F502100B6AB00 /* UIColor */,
				E53CDC9C283F439B00B6AB00 /* CustomNaviView */,
				E53CDC97283F42C800B6AB00 /* UITableView */,
				E53CDC90283F3F7900B6AB00 /* UILabel */,
			);
			path = "XMUITool(UI工具箱)";
			sourceTree = "<group>";
		};
		E53CDC90283F3F7900B6AB00 /* UILabel */ = {
			isa = PBXGroup;
			children = (
				E53CDC94283F427E00B6AB00 /* UILabel+XMTool.h */,
				E53CDC91283F427E00B6AB00 /* UILabel+XMTool.m */,
				E53CDC92283F427E00B6AB00 /* XMLabel.h */,
				E53CDC93283F427E00B6AB00 /* XMLabel.m */,
			);
			path = UILabel;
			sourceTree = "<group>";
		};
		E53CDC97283F42C800B6AB00 /* UITableView */ = {
			isa = PBXGroup;
			children = (
				E53CDC99283F42E600B6AB00 /* UITableView+XMTool.h */,
				E53CDC98283F42E600B6AB00 /* UITableView+XMTool.m */,
			);
			path = UITableView;
			sourceTree = "<group>";
		};
		E53CDC9C283F439B00B6AB00 /* CustomNaviView */ = {
			isa = PBXGroup;
			children = (
				E53CDCB2283F6A4E00B6AB00 /* XMCustomNaviView.h */,
				E53CDCB3283F6A4E00B6AB00 /* XMCustomNaviView.m */,
			);
			path = CustomNaviView;
			sourceTree = "<group>";
		};
		E53CDCA0283F502100B6AB00 /* UIColor */ = {
			isa = PBXGroup;
			children = (
				E53CDCA1283F502D00B6AB00 /* UIColor+XMTool.h */,
				E53CDCA2283F502D00B6AB00 /* UIColor+XMTool.m */,
			);
			path = UIColor;
			sourceTree = "<group>";
		};
		E53CDCA4283F50C600B6AB00 /* UIButton */ = {
			isa = PBXGroup;
			children = (
				E53CDCA5283F50DA00B6AB00 /* UIButton+XMTool.h */,
				E53CDCA6283F50DA00B6AB00 /* UIButton+XMTool.m */,
			);
			path = UIButton;
			sourceTree = "<group>";
		};
		E53CDCA8283F518200B6AB00 /* UIView */ = {
			isa = PBXGroup;
			children = (
				E53CDCAB283F519200B6AB00 /* UIView+XMTool.h */,
				E53CDCAD283F519200B6AB00 /* UIView+XMTool.m */,
				E53CDCAA283F519200B6AB00 /* UIView+XMConvertRect.h */,
				E53CDCAE283F519200B6AB00 /* UIView+XMConvertRect.m */,
				E53CDCA9283F519200B6AB00 /* UIView+XMRotate360.h */,
				E53CDCAC283F519200B6AB00 /* UIView+XMRotate360.m */,
			);
			path = UIView;
			sourceTree = "<group>";
		};
		FAA24D633BBC10064ABDE163 /* Pods */ = {
			isa = PBXGroup;
			children = (
				B0B116CDD9F7158C7D6F32B7 /* Pods-XMUI_OC.debug.xcconfig */,
				5036F11B7088385DCE192ACF /* Pods-XMUI_OC.release.xcconfig */,
			);
			path = Pods;
			sourceTree = "<group>";
		};
/* End PBXGroup section */

/* Begin PBXNativeTarget section */
		E53CDC72283F3DB500B6AB00 /* XMUI_OC */ = {
			isa = PBXNativeTarget;
			buildConfigurationList = E53CDC8C283F3DB600B6AB00 /* Build configuration list for PBXNativeTarget "XMUI_OC" */;
			buildPhases = (
				76A930CA94239CE70D0D480C /* [CP] Check Pods Manifest.lock */,
				E53CDC6F283F3DB500B6AB00 /* Sources */,
				E53CDC70283F3DB500B6AB00 /* Frameworks */,
				E53CDC71283F3DB500B6AB00 /* Resources */,
			);
			buildRules = (
			);
			dependencies = (
			);
			name = XMUI_OC;
			productName = XMUI_OC;
			productReference = E53CDC73283F3DB500B6AB00 /* XMUI_OC.app */;
			productType = "com.apple.product-type.application";
		};
/* End PBXNativeTarget section */

/* Begin PBXProject section */
		E53CDC6B283F3DB500B6AB00 /* Project object */ = {
			isa = PBXProject;
			attributes = {
				BuildIndependentTargetsInParallel = 1;
				LastUpgradeCheck = 1330;
				TargetAttributes = {
					E53CDC72283F3DB500B6AB00 = {
						CreatedOnToolsVersion = 13.3.1;
					};
				};
			};
			buildConfigurationList = E53CDC6E283F3DB500B6AB00 /* Build configuration list for PBXProject "XMUI_OC" */;
			compatibilityVersion = "Xcode 13.0";
			developmentRegion = en;
			hasScannedForEncodings = 0;
			knownRegions = (
				en,
				Base,
			);
			mainGroup = E53CDC6A283F3DB500B6AB00;
			productRefGroup = E53CDC74283F3DB500B6AB00 /* Products */;
			projectDirPath = "";
			projectRoot = "";
			targets = (
				E53CDC72283F3DB500B6AB00 /* XMUI_OC */,
			);
		};
/* End PBXProject section */

/* Begin PBXResourcesBuildPhase section */
		E53CDC71283F3DB500B6AB00 /* Resources */ = {
			isa = PBXResourcesBuildPhase;
			buildActionMask = 2147483647;
			files = (
				E53CDC86283F3DB600B6AB00 /* LaunchScreen.storyboard in Resources */,
				E53CDC83283F3DB600B6AB00 /* Assets.xcassets in Resources */,
				E53CDC81283F3DB500B6AB00 /* Main.storyboard in Resources */,
			);
			runOnlyForDeploymentPostprocessing = 0;
		};
/* End PBXResourcesBuildPhase section */

/* Begin PBXShellScriptBuildPhase section */
		76A930CA94239CE70D0D480C /* [CP] Check Pods Manifest.lock */ = {
			isa = PBXShellScriptBuildPhase;
			buildActionMask = 2147483647;
			files = (
			);
			inputFileListPaths = (
			);
			inputPaths = (
				"${PODS_PODFILE_DIR_PATH}/Podfile.lock",
				"${PODS_ROOT}/Manifest.lock",
			);
			name = "[CP] Check Pods Manifest.lock";
			outputFileListPaths = (
			);
			outputPaths = (
				"$(DERIVED_FILE_DIR)/Pods-XMUI_OC-checkManifestLockResult.txt",
			);
			runOnlyForDeploymentPostprocessing = 0;
			shellPath = /bin/sh;
			shellScript = "diff \"${PODS_PODFILE_DIR_PATH}/Podfile.lock\" \"${PODS_ROOT}/Manifest.lock\" > /dev/null\nif [ $? != 0 ] ; then\n    # print error to STDERR\n    echo \"error: The sandbox is not in sync with the Podfile.lock. Run 'pod install' or update your CocoaPods installation.\" >&2\n    exit 1\nfi\n# This output is used by Xcode 'outputs' to avoid re-running this script phase.\necho \"SUCCESS\" > \"${SCRIPT_OUTPUT_FILE_0}\"\n";
			showEnvVarsInLog = 0;
		};
/* End PBXShellScriptBuildPhase section */

/* Begin PBXSourcesBuildPhase section */
		E53CDC6F283F3DB500B6AB00 /* Sources */ = {
			isa = PBXSourcesBuildPhase;
			buildActionMask = 2147483647;
			files = (
				E53CDC7E283F3DB500B6AB00 /* ViewController.m in Sources */,
				E53CDCB1283F519200B6AB00 /* UIView+XMConvertRect.m in Sources */,
				E53CDCB4283F6A4E00B6AB00 /* XMCustomNaviView.m in Sources */,
				E53CDC96283F427E00B6AB00 /* XMLabel.m in Sources */,
				E53CDCAF283F519200B6AB00 /* UIView+XMRotate360.m in Sources */,
				E53CDC78283F3DB500B6AB00 /* AppDelegate.m in Sources */,
				E53CDC9A283F42E600B6AB00 /* UITableView+XMTool.m in Sources */,
				E53CDCA3283F502D00B6AB00 /* UIColor+XMTool.m in Sources */,
				E53CDCA7283F50DA00B6AB00 /* UIButton+XMTool.m in Sources */,
				E53CDC95283F427E00B6AB00 /* UILabel+XMTool.m in Sources */,
				E53CDCB0283F519200B6AB00 /* UIView+XMTool.m in Sources */,
				E53CDC89283F3DB600B6AB00 /* main.m in Sources */,
				E53CDC7B283F3DB500B6AB00 /* SceneDelegate.m in Sources */,
			);
			runOnlyForDeploymentPostprocessing = 0;
		};
/* End PBXSourcesBuildPhase section */

/* Begin PBXVariantGroup section */
		E53CDC7F283F3DB500B6AB00 /* Main.storyboard */ = {
			isa = PBXVariantGroup;
			children = (
				E53CDC80283F3DB500B6AB00 /* Base */,
			);
			name = Main.storyboard;
			sourceTree = "<group>";
		};
		E53CDC84283F3DB600B6AB00 /* LaunchScreen.storyboard */ = {
			isa = PBXVariantGroup;
			children = (
				E53CDC85283F3DB600B6AB00 /* Base */,
			);
			name = LaunchScreen.storyboard;
			sourceTree = "<group>";
		};
/* End PBXVariantGroup section */

/* Begin XCBuildConfiguration section */
		E53CDC8A283F3DB600B6AB00 /* Debug */ = {
			isa = XCBuildConfiguration;
			buildSettings = {
				ALWAYS_SEARCH_USER_PATHS = NO;
				CLANG_ANALYZER_NONNULL = YES;
				CLANG_ANALYZER_NUMBER_OBJECT_CONVERSION = YES_AGGRESSIVE;
				CLANG_CXX_LANGUAGE_STANDARD = "gnu++17";
				CLANG_ENABLE_MODULES = YES;
				CLANG_ENABLE_OBJC_ARC = YES;
				CLANG_ENABLE_OBJC_WEAK = YES;
				CLANG_WARN_BLOCK_CAPTURE_AUTORELEASING = YES;
				CLANG_WARN_BOOL_CONVERSION = YES;
				CLANG_WARN_COMMA = YES;
				CLANG_WARN_CONSTANT_CONVERSION = YES;
				CLANG_WARN_DEPRECATED_OBJC_IMPLEMENTATIONS = YES;
				CLANG_WARN_DIRECT_OBJC_ISA_USAGE = YES_ERROR;
				CLANG_WARN_DOCUMENTATION_COMMENTS = YES;
				CLANG_WARN_EMPTY_BODY = YES;
				CLANG_WARN_ENUM_CONVERSION = YES;
				CLANG_WARN_INFINITE_RECURSION = YES;
				CLANG_WARN_INT_CONVERSION = YES;
				CLANG_WARN_NON_LITERAL_NULL_CONVERSION = YES;
				CLANG_WARN_OBJC_IMPLICIT_RETAIN_SELF = YES;
				CLANG_WARN_OBJC_LITERAL_CONVERSION = YES;
				CLANG_WARN_OBJC_ROOT_CLASS = YES_ERROR;
				CLANG_WARN_QUOTED_INCLUDE_IN_FRAMEWORK_HEADER = YES;
				CLANG_WARN_RANGE_LOOP_ANALYSIS = YES;
				CLANG_WARN_STRICT_PROTOTYPES = YES;
				CLANG_WARN_SUSPICIOUS_MOVE = YES;
				CLANG_WARN_UNGUARDED_AVAILABILITY = YES_AGGRESSIVE;
				CLANG_WARN_UNREACHABLE_CODE = YES;
				CLANG_WARN__DUPLICATE_METHOD_MATCH = YES;
				COPY_PHASE_STRIP = NO;
				DEBUG_INFORMATION_FORMAT = dwarf;
				ENABLE_STRICT_OBJC_MSGSEND = YES;
				ENABLE_TESTABILITY = YES;
				GCC_C_LANGUAGE_STANDARD = gnu11;
				GCC_DYNAMIC_NO_PIC = NO;
				GCC_NO_COMMON_BLOCKS = YES;
				GCC_OPTIMIZATION_LEVEL = 0;
				GCC_PREPROCESSOR_DEFINITIONS = (
					"DEBUG=1",
					"$(inherited)",
				);
				GCC_WARN_64_TO_32_BIT_CONVERSION = YES;
				GCC_WARN_ABOUT_RETURN_TYPE = YES_ERROR;
				GCC_WARN_UNDECLARED_SELECTOR = YES;
				GCC_WARN_UNINITIALIZED_AUTOS = YES_AGGRESSIVE;
				GCC_WARN_UNUSED_FUNCTION = YES;
				GCC_WARN_UNUSED_VARIABLE = YES;
				IPHONEOS_DEPLOYMENT_TARGET = 10.0;
				MTL_ENABLE_DEBUG_INFO = INCLUDE_SOURCE;
				MTL_FAST_MATH = YES;
				ONLY_ACTIVE_ARCH = YES;
				SDKROOT = iphoneos;
			};
			name = Debug;
		};
		E53CDC8B283F3DB600B6AB00 /* Release */ = {
			isa = XCBuildConfiguration;
			buildSettings = {
				ALWAYS_SEARCH_USER_PATHS = NO;
				CLANG_ANALYZER_NONNULL = YES;
				CLANG_ANALYZER_NUMBER_OBJECT_CONVERSION = YES_AGGRESSIVE;
				CLANG_CXX_LANGUAGE_STANDARD = "gnu++17";
				CLANG_ENABLE_MODULES = YES;
				CLANG_ENABLE_OBJC_ARC = YES;
				CLANG_ENABLE_OBJC_WEAK = YES;
				CLANG_WARN_BLOCK_CAPTURE_AUTORELEASING = YES;
				CLANG_WARN_BOOL_CONVERSION = YES;
				CLANG_WARN_COMMA = YES;
				CLANG_WARN_CONSTANT_CONVERSION = YES;
				CLANG_WARN_DEPRECATED_OBJC_IMPLEMENTATIONS = YES;
				CLANG_WARN_DIRECT_OBJC_ISA_USAGE = YES_ERROR;
				CLANG_WARN_DOCUMENTATION_COMMENTS = YES;
				CLANG_WARN_EMPTY_BODY = YES;
				CLANG_WARN_ENUM_CONVERSION = YES;
				CLANG_WARN_INFINITE_RECURSION = YES;
				CLANG_WARN_INT_CONVERSION = YES;
				CLANG_WARN_NON_LITERAL_NULL_CONVERSION = YES;
				CLANG_WARN_OBJC_IMPLICIT_RETAIN_SELF = YES;
				CLANG_WARN_OBJC_LITERAL_CONVERSION = YES;
				CLANG_WARN_OBJC_ROOT_CLASS = YES_ERROR;
				CLANG_WARN_QUOTED_INCLUDE_IN_FRAMEWORK_HEADER = YES;
				CLANG_WARN_RANGE_LOOP_ANALYSIS = YES;
				CLANG_WARN_STRICT_PROTOTYPES = YES;
				CLANG_WARN_SUSPICIOUS_MOVE = YES;
				CLANG_WARN_UNGUARDED_AVAILABILITY = YES_AGGRESSIVE;
				CLANG_WARN_UNREACHABLE_CODE = YES;
				CLANG_WARN__DUPLICATE_METHOD_MATCH = YES;
				COPY_PHASE_STRIP = NO;
				DEBUG_INFORMATION_FORMAT = "dwarf-with-dsym";
				ENABLE_NS_ASSERTIONS = NO;
				ENABLE_STRICT_OBJC_MSGSEND = YES;
				GCC_C_LANGUAGE_STANDARD = gnu11;
				GCC_NO_COMMON_BLOCKS = YES;
				GCC_WARN_64_TO_32_BIT_CONVERSION = YES;
				GCC_WARN_ABOUT_RETURN_TYPE = YES_ERROR;
				GCC_WARN_UNDECLARED_SELECTOR = YES;
				GCC_WARN_UNINITIALIZED_AUTOS = YES_AGGRESSIVE;
				GCC_WARN_UNUSED_FUNCTION = YES;
				GCC_WARN_UNUSED_VARIABLE = YES;
				IPHONEOS_DEPLOYMENT_TARGET = 10.0;
				MTL_ENABLE_DEBUG_INFO = NO;
				MTL_FAST_MATH = YES;
				SDKROOT = iphoneos;
				VALIDATE_PRODUCT = YES;
			};
			name = Release;
		};
		E53CDC8D283F3DB600B6AB00 /* Debug */ = {
			isa = XCBuildConfiguration;
			baseConfigurationReference = B0B116CDD9F7158C7D6F32B7 /* Pods-XMUI_OC.debug.xcconfig */;
			buildSettings = {
				ASSETCATALOG_COMPILER_APPICON_NAME = AppIcon;
				ASSETCATALOG_COMPILER_GLOBAL_ACCENT_COLOR_NAME = AccentColor;
				CODE_SIGN_STYLE = Automatic;
				CURRENT_PROJECT_VERSION = 1;
				GENERATE_INFOPLIST_FILE = YES;
				INFOPLIST_FILE = XMUI_OC/Info.plist;
				INFOPLIST_KEY_UIApplicationSupportsIndirectInputEvents = YES;
				INFOPLIST_KEY_UILaunchStoryboardName = LaunchScreen;
				INFOPLIST_KEY_UIMainStoryboardFile = Main;
				INFOPLIST_KEY_UISupportedInterfaceOrientations_iPad = "UIInterfaceOrientationPortrait UIInterfaceOrientationPortraitUpsideDown UIInterfaceOrientationLandscapeLeft UIInterfaceOrientationLandscapeRight";
				INFOPLIST_KEY_UISupportedInterfaceOrientations_iPhone = "UIInterfaceOrientationPortrait UIInterfaceOrientationLandscapeLeft UIInterfaceOrientationLandscapeRight";
				IPHONEOS_DEPLOYMENT_TARGET = 10.0;
				LD_RUNPATH_SEARCH_PATHS = (
					"$(inherited)",
					"@executable_path/Frameworks",
				);
				MARKETING_VERSION = 1.0;
				PRODUCT_BUNDLE_IDENTIFIER = "com.xiaoming.XMUI-OC";
				PRODUCT_NAME = "$(TARGET_NAME)";
				SWIFT_EMIT_LOC_STRINGS = YES;
				TARGETED_DEVICE_FAMILY = "1,2";
			};
			name = Debug;
		};
		E53CDC8E283F3DB600B6AB00 /* Release */ = {
			isa = XCBuildConfiguration;
			baseConfigurationReference = 5036F11B7088385DCE192ACF /* Pods-XMUI_OC.release.xcconfig */;
			buildSettings = {
				ASSETCATALOG_COMPILER_APPICON_NAME = AppIcon;
				ASSETCATALOG_COMPILER_GLOBAL_ACCENT_COLOR_NAME = AccentColor;
				CODE_SIGN_STYLE = Automatic;
				CURRENT_PROJECT_VERSION = 1;
				GENERATE_INFOPLIST_FILE = YES;
				INFOPLIST_FILE = XMUI_OC/Info.plist;
				INFOPLIST_KEY_UIApplicationSupportsIndirectInputEvents = YES;
				INFOPLIST_KEY_UILaunchStoryboardName = LaunchScreen;
				INFOPLIST_KEY_UIMainStoryboardFile = Main;
				INFOPLIST_KEY_UISupportedInterfaceOrientations_iPad = "UIInterfaceOrientationPortrait UIInterfaceOrientationPortraitUpsideDown UIInterfaceOrientationLandscapeLeft UIInterfaceOrientationLandscapeRight";
				INFOPLIST_KEY_UISupportedInterfaceOrientations_iPhone = "UIInterfaceOrientationPortrait UIInterfaceOrientationLandscapeLeft UIInterfaceOrientationLandscapeRight";
				IPHONEOS_DEPLOYMENT_TARGET = 10.0;
				LD_RUNPATH_SEARCH_PATHS = (
					"$(inherited)",
					"@executable_path/Frameworks",
				);
				MARKETING_VERSION = 1.0;
				PRODUCT_BUNDLE_IDENTIFIER = "com.xiaoming.XMUI-OC";
				PRODUCT_NAME = "$(TARGET_NAME)";
				SWIFT_EMIT_LOC_STRINGS = YES;
				TARGETED_DEVICE_FAMILY = "1,2";
			};
			name = Release;
		};
/* End XCBuildConfiguration section */

/* Begin XCConfigurationList section */
		E53CDC6E283F3DB500B6AB00 /* Build configuration list for PBXProject "XMUI_OC" */ = {
			isa = XCConfigurationList;
			buildConfigurations = (
				E53CDC8A283F3DB600B6AB00 /* Debug */,
				E53CDC8B283F3DB600B6AB00 /* Release */,
			);
			defaultConfigurationIsVisible = 0;
			defaultConfigurationName = Release;
		};
		E53CDC8C283F3DB600B6AB00 /* Build configuration list for PBXNativeTarget "XMUI_OC" */ = {
			isa = XCConfigurationList;
			buildConfigurations = (
				E53CDC8D283F3DB600B6AB00 /* Debug */,
				E53CDC8E283F3DB600B6AB00 /* Release */,
			);
			defaultConfigurationIsVisible = 0;
			defaultConfigurationName = Release;
		};
/* End XCConfigurationList section */
	};
	rootObject = E53CDC6B283F3DB500B6AB00 /* Project object */;
}
