// !$*UTF8*$!
{
	archiveVersion = 1;
	classes = {
	};
	objectVersion = 55;
	objects = {

/* Begin PBXBuildFile section */
		0CF30BE32995FF66000CE702 /* Person.m in Sources */ = {isa = PBXBuildFile; fileRef = 0CF30BE22995FF66000CE702 /* Person.m */; };
		0CF30BE629960853000CE702 /* TestVCViewController.m in Sources */ = {isa = PBXBuildFile; fileRef = 0CF30BE529960853000CE702 /* TestVCViewController.m */; };
		2FDA38751F687069DE00C5A5 /* Pods_XMUI_OC.framework in Frameworks */ = {isa = PBXBuildFile; fileRef = 3C44539344E15FCB835361F2 /* Pods_XMUI_OC.framework */; };
		E50059B42851F36700928920 /* SPPageMenu.m in Sources */ = {isa = PBXBuildFile; fileRef = E50059B22851F36700928920 /* SPPageMenu.m */; };
		E50059B82851F3D100928920 /* DemoPageMenuVC.m in Sources */ = {isa = PBXBuildFile; fileRef = E50059B72851F3D100928920 /* DemoPageMenuVC.m */; };
		E50059BB2851F64E00928920 /* FirstPageMenuVC.m in Sources */ = {isa = PBXBuildFile; fileRef = E50059BA2851F64E00928920 /* FirstPageMenuVC.m */; };
		E5085E7B28449D2E002863E2 /* UIImage+XMTool.m in Sources */ = {isa = PBXBuildFile; fileRef = E5085E7928449D2E002863E2 /* UIImage+XMTool.m */; };
		E5085E7E28449D5C002863E2 /* DemoImageVC.m in Sources */ = {isa = PBXBuildFile; fileRef = E5085E7D28449D5C002863E2 /* DemoImageVC.m */; };
		E5085E832844E327002863E2 /* XMAlertView.m in Sources */ = {isa = PBXBuildFile; fileRef = E5085E822844E327002863E2 /* XMAlertView.m */; };
		E5085E882844ED74002863E2 /* DemoAlertVC.m in Sources */ = {isa = PBXBuildFile; fileRef = E5085E872844ED74002863E2 /* DemoAlertVC.m */; };
		E5085E8C28458E44002863E2 /* UIView+XMFrame.m in Sources */ = {isa = PBXBuildFile; fileRef = E5085E8B28458E44002863E2 /* UIView+XMFrame.m */; };
		E5085E952846147F002863E2 /* XMSignView.m in Sources */ = {isa = PBXBuildFile; fileRef = E5085E942846147F002863E2 /* XMSignView.m */; };
		E5085E9928461542002863E2 /* XMCanvasView.m in Sources */ = {isa = PBXBuildFile; fileRef = E5085E9828461542002863E2 /* XMCanvasView.m */; };
		E5085E9D28461901002863E2 /* DemoSignVC.m in Sources */ = {isa = PBXBuildFile; fileRef = E5085E9C28461901002863E2 /* DemoSignVC.m */; };
		E5085EA5284850E8002863E2 /* XMTool.m in Sources */ = {isa = PBXBuildFile; fileRef = E5085EA4284850E8002863E2 /* XMTool.m */; };
		E5085EAA284858BD002863E2 /* DemoToolVC.m in Sources */ = {isa = PBXBuildFile; fileRef = E5085EA9284858BD002863E2 /* DemoToolVC.m */; };
		E5085EAF2848812A002863E2 /* XMUploadProgressView.m in Sources */ = {isa = PBXBuildFile; fileRef = E5085EAE2848812A002863E2 /* XMUploadProgressView.m */; };
		E5085EB228488E40002863E2 /* DemoUploadProgressVC.m in Sources */ = {isa = PBXBuildFile; fileRef = E5085EB128488E40002863E2 /* DemoUploadProgressVC.m */; };
		E51AD07E2841D7F900DBF3C8 /* DemoPopMenuVC.m in Sources */ = {isa = PBXBuildFile; fileRef = E51AD07D2841D7F900DBF3C8 /* DemoPopMenuVC.m */; };
		E51AD0852842330000DBF3C8 /* XMNavigationController.m in Sources */ = {isa = PBXBuildFile; fileRef = E51AD0812842330000DBF3C8 /* XMNavigationController.m */; };
		E51AD0862842330000DBF3C8 /* UINavigationController+FDFullscreenPopGesture.m in Sources */ = {isa = PBXBuildFile; fileRef = E51AD0842842330000DBF3C8 /* UINavigationController+FDFullscreenPopGesture.m */; };
		E51AD08A284233D800DBF3C8 /* DemoBaseVC.m in Sources */ = {isa = PBXBuildFile; fileRef = E51AD089284233D800DBF3C8 /* DemoBaseVC.m */; };
		E51AD08F28423A1500DBF3C8 /* DemoButtonVC.m in Sources */ = {isa = PBXBuildFile; fileRef = E51AD08E28423A1500DBF3C8 /* DemoButtonVC.m */; };
		E526799528432DF000B5FDC7 /* Tabbar.xcassets in Resources */ = {isa = PBXBuildFile; fileRef = E526799228432DF000B5FDC7 /* Tabbar.xcassets */; };
		E526799628432DF000B5FDC7 /* XMTabBarVC.m in Sources */ = {isa = PBXBuildFile; fileRef = E526799428432DF000B5FDC7 /* XMTabBarVC.m */; };
		E526799A28432F9400B5FDC7 /* UITextField+XMTool.m in Sources */ = {isa = PBXBuildFile; fileRef = E526799828432F9400B5FDC7 /* UITextField+XMTool.m */; };
		E526799E28432FFA00B5FDC7 /* DemoTextFieldVC.m in Sources */ = {isa = PBXBuildFile; fileRef = E526799D28432FFA00B5FDC7 /* DemoTextFieldVC.m */; };
		E52679A22843332200B5FDC7 /* XMEmptyView.m in Sources */ = {isa = PBXBuildFile; fileRef = E52679A12843332200B5FDC7 /* XMEmptyView.m */; };
		E52679A52843349E00B5FDC7 /* DemoEmptyVC.m in Sources */ = {isa = PBXBuildFile; fileRef = E52679A42843349E00B5FDC7 /* DemoEmptyVC.m */; };
		E52679A9284367D900B5FDC7 /* XMTextView.m in Sources */ = {isa = PBXBuildFile; fileRef = E52679A8284367D900B5FDC7 /* XMTextView.m */; };
		E52679AD284368D400B5FDC7 /* DemoTextViewVC.m in Sources */ = {isa = PBXBuildFile; fileRef = E52679AC284368D400B5FDC7 /* DemoTextViewVC.m */; };
		E52679B128444DEE00B5FDC7 /* DemoViewVC.m in Sources */ = {isa = PBXBuildFile; fileRef = E52679B028444DEE00B5FDC7 /* DemoViewVC.m */; };
		E53CDC78283F3DB500B6AB00 /* AppDelegate.m in Sources */ = {isa = PBXBuildFile; fileRef = E53CDC77283F3DB500B6AB00 /* AppDelegate.m */; };
		E53CDC7E283F3DB500B6AB00 /* ViewController.m in Sources */ = {isa = PBXBuildFile; fileRef = E53CDC7D283F3DB500B6AB00 /* ViewController.m */; };
		E53CDC81283F3DB500B6AB00 /* Main.storyboard in Resources */ = {isa = PBXBuildFile; fileRef = E53CDC7F283F3DB500B6AB00 /* Main.storyboard */; };
		E53CDC83283F3DB600B6AB00 /* Assets.xcassets in Resources */ = {isa = PBXBuildFile; fileRef = E53CDC82283F3DB600B6AB00 /* Assets.xcassets */; };
		E53CDC86283F3DB600B6AB00 /* LaunchScreen.storyboard in Resources */ = {isa = PBXBuildFile; fileRef = E53CDC84283F3DB600B6AB00 /* LaunchScreen.storyboard */; };
		E53CDC89283F3DB600B6AB00 /* main.m in Sources */ = {isa = PBXBuildFile; fileRef = E53CDC88283F3DB600B6AB00 /* main.m */; };
		E53CDC95283F427E00B6AB00 /* UILabel+XMTool.m in Sources */ = {isa = PBXBuildFile; fileRef = E53CDC91283F427E00B6AB00 /* UILabel+XMTool.m */; };
		E53CDC9A283F42E600B6AB00 /* UITableView+XMTool.m in Sources */ = {isa = PBXBuildFile; fileRef = E53CDC98283F42E600B6AB00 /* UITableView+XMTool.m */; };
		E53CDCA3283F502D00B6AB00 /* UIColor+XMTool.m in Sources */ = {isa = PBXBuildFile; fileRef = E53CDCA2283F502D00B6AB00 /* UIColor+XMTool.m */; };
		E53CDCA7283F50DA00B6AB00 /* UIButton+XMTool.m in Sources */ = {isa = PBXBuildFile; fileRef = E53CDCA6283F50DA00B6AB00 /* UIButton+XMTool.m */; };
		E53CDCAF283F519200B6AB00 /* UIView+XMRotate360.m in Sources */ = {isa = PBXBuildFile; fileRef = E53CDCAC283F519200B6AB00 /* UIView+XMRotate360.m */; };
		E53CDCB0283F519200B6AB00 /* UIView+XMTool.m in Sources */ = {isa = PBXBuildFile; fileRef = E53CDCAD283F519200B6AB00 /* UIView+XMTool.m */; };
		E53CDCB1283F519200B6AB00 /* UIView+XMConvertRect.m in Sources */ = {isa = PBXBuildFile; fileRef = E53CDCAE283F519200B6AB00 /* UIView+XMConvertRect.m */; };
		E53CDCB4283F6A4E00B6AB00 /* XMCustomNaviView.m in Sources */ = {isa = PBXBuildFile; fileRef = E53CDCB3283F6A4E00B6AB00 /* XMCustomNaviView.m */; };
		E53CDCB8283F6BA400B6AB00 /* XMToast.m in Sources */ = {isa = PBXBuildFile; fileRef = E53CDCB7283F6BA400B6AB00 /* XMToast.m */; };
		E53CDCBC283F74A900B6AB00 /* DemoToastVC.m in Sources */ = {isa = PBXBuildFile; fileRef = E53CDCBB283F74A900B6AB00 /* DemoToastVC.m */; };
		E53CDCDF2840D69A00B6AB00 /* DemoLabelVC.m in Sources */ = {isa = PBXBuildFile; fileRef = E53CDCDE2840D69A00B6AB00 /* DemoLabelVC.m */; };
		E53CDCE32841D77400B6AB00 /* XMPopMenu.m in Sources */ = {isa = PBXBuildFile; fileRef = E53CDCE22841D77400B6AB00 /* XMPopMenu.m */; };
		E54054ED285C0E9E00979CA8 /* XMNoDataEmptyView.m in Sources */ = {isa = PBXBuildFile; fileRef = E54054EC285C0E9E00979CA8 /* XMNoDataEmptyView.m */; };
		E54054F0285C0FAC00979CA8 /* DemoNoDataEmptyVC.m in Sources */ = {isa = PBXBuildFile; fileRef = E54054EF285C0FAC00979CA8 /* DemoNoDataEmptyVC.m */; };
		E55F4F742855E65100A236EA /* BigEatSmallVC.m in Sources */ = {isa = PBXBuildFile; fileRef = E55F4F732855E65100A236EA /* BigEatSmallVC.m */; };
		E55F4F772855E89700A236EA /* 1.mp3 in Resources */ = {isa = PBXBuildFile; fileRef = E55F4F752855E89700A236EA /* 1.mp3 */; };
		E55F4F782855E89700A236EA /* 2.mp3 in Resources */ = {isa = PBXBuildFile; fileRef = E55F4F762855E89700A236EA /* 2.mp3 */; };
		E5702D4228489A6A00E2F256 /* XMProgressBarView.m in Sources */ = {isa = PBXBuildFile; fileRef = E5702D4128489A6A00E2F256 /* XMProgressBarView.m */; };
		E5702D5D284A46D000E2F256 /* XMLocationTrans.m in Sources */ = {isa = PBXBuildFile; fileRef = E5702D5B284A46D000E2F256 /* XMLocationTrans.m */; };
		E5702D64284A479600E2F256 /* NSMutableDictionary+XMSafe.m in Sources */ = {isa = PBXBuildFile; fileRef = E5702D60284A479600E2F256 /* NSMutableDictionary+XMSafe.m */; };
		E5702D65284A479600E2F256 /* NSArray+XMSafe.m in Sources */ = {isa = PBXBuildFile; fileRef = E5702D63284A479600E2F256 /* NSArray+XMSafe.m */; };
		E5702D69284A47B100E2F256 /* NSObject+XMRuntime.m in Sources */ = {isa = PBXBuildFile; fileRef = E5702D68284A47B100E2F256 /* NSObject+XMRuntime.m */; };
		E5702D71284A485000E2F256 /* NSString+XMBusiness.m in Sources */ = {isa = PBXBuildFile; fileRef = E5702D6D284A485000E2F256 /* NSString+XMBusiness.m */; };
		E5702D72284A485000E2F256 /* NSString+XMValid.m in Sources */ = {isa = PBXBuildFile; fileRef = E5702D6E284A485000E2F256 /* NSString+XMValid.m */; };
		E5702D73284A485000E2F256 /* NSString+XMTool.m in Sources */ = {isa = PBXBuildFile; fileRef = E5702D6F284A485000E2F256 /* NSString+XMTool.m */; };
		E5702D77284A48C300E2F256 /* NSDate+XMTool.m in Sources */ = {isa = PBXBuildFile; fileRef = E5702D76284A48C300E2F256 /* NSDate+XMTool.m */; };
		E5702D7B284A4C2100E2F256 /* XMTimer.m in Sources */ = {isa = PBXBuildFile; fileRef = E5702D7A284A4C2100E2F256 /* XMTimer.m */; };
		E5702D7F284A4CAC00E2F256 /* DemoTimerVC.m in Sources */ = {isa = PBXBuildFile; fileRef = E5702D7E284A4CAC00E2F256 /* DemoTimerVC.m */; };
		E5702D83284A4E9400E2F256 /* NSNumber+XMSafe.m in Sources */ = {isa = PBXBuildFile; fileRef = E5702D82284A4E9400E2F256 /* NSNumber+XMSafe.m */; };
		E5702D87284CADAC00E2F256 /* XMCircleProgressView.m in Sources */ = {isa = PBXBuildFile; fileRef = E5702D86284CADAC00E2F256 /* XMCircleProgressView.m */; };
		E5702D8B284CAFD000E2F256 /* DemoCircleProgressVC.m in Sources */ = {isa = PBXBuildFile; fileRef = E5702D8A284CAFD000E2F256 /* DemoCircleProgressVC.m */; };
		E5702D8E284CDA3400E2F256 /* XMCircleGradientProgressView.m in Sources */ = {isa = PBXBuildFile; fileRef = E5702D8D284CDA3400E2F256 /* XMCircleGradientProgressView.m */; };
		E5702D91284D60B400E2F256 /* UILabel+GradientLayer.m in Sources */ = {isa = PBXBuildFile; fileRef = E5702D90284D60B400E2F256 /* UILabel+GradientLayer.m */; };
		E5702DA7284F567000E2F256 /* XMImageLabelView.m in Sources */ = {isa = PBXBuildFile; fileRef = E5702DA6284F567000E2F256 /* XMImageLabelView.m */; };
		E5702DAB284F5B5A00E2F256 /* DemoImageLabelVC.m in Sources */ = {isa = PBXBuildFile; fileRef = E5702DAA284F5B5A00E2F256 /* DemoImageLabelVC.m */; };
		E583A75E2858321E00CAD1F3 /* DemoHorizontalCollectionViewCell.m in Sources */ = {isa = PBXBuildFile; fileRef = E583A75D2858321E00CAD1F3 /* DemoHorizontalCollectionViewCell.m */; };
		E5B812982851727600AA86E6 /* XMSortBarView.m in Sources */ = {isa = PBXBuildFile; fileRef = E5B812972851727600AA86E6 /* XMSortBarView.m */; };
		E5B8129C2851762700AA86E6 /* DemoSortBarVC.m in Sources */ = {isa = PBXBuildFile; fileRef = E5B8129B2851762700AA86E6 /* DemoSortBarVC.m */; };
		E5D3491C28607E1200DB1BBE /* OrderListAlertView.m in Sources */ = {isa = PBXBuildFile; fileRef = E5D3491B28607E1200DB1BBE /* OrderListAlertView.m */; };
		E5D3491F28607E6B00DB1BBE /* OrderListCell.m in Sources */ = {isa = PBXBuildFile; fileRef = E5D3491E28607E6B00DB1BBE /* OrderListCell.m */; };
		E5D34923286080E700DB1BBE /* DemoOrderListAlertViewVC.m in Sources */ = {isa = PBXBuildFile; fileRef = E5D34922286080E700DB1BBE /* DemoOrderListAlertViewVC.m */; };
		E5D4CB472862C6D5007C0B3E /* XMDatePickerView.m in Sources */ = {isa = PBXBuildFile; fileRef = E5D4CB462862C6D5007C0B3E /* XMDatePickerView.m */; };
		E5D4CB4B2862CCAA007C0B3E /* DemoDatePickerVC.m in Sources */ = {isa = PBXBuildFile; fileRef = E5D4CB4A2862CCAA007C0B3E /* DemoDatePickerVC.m */; };
		E5E1138F28581AB9007F3182 /* DemoCollectionVC.m in Sources */ = {isa = PBXBuildFile; fileRef = E5E1138E28581AB9007F3182 /* DemoCollectionVC.m */; };
		E5E1139228581DCE007F3182 /* DemoCollectionCell.m in Sources */ = {isa = PBXBuildFile; fileRef = E5E1139128581DCE007F3182 /* DemoCollectionCell.m */; };
		E5E1139628582861007F3182 /* MLHorizontalCollectionViewFlowLayout.m in Sources */ = {isa = PBXBuildFile; fileRef = E5E1139528582861007F3182 /* MLHorizontalCollectionViewFlowLayout.m */; };
		E5E1139928583059007F3182 /* DemoCollectionVC2.m in Sources */ = {isa = PBXBuildFile; fileRef = E5E1139828583059007F3182 /* DemoCollectionVC2.m */; };
		E5E4DC7A285ABB57009283FC /* XMRedPointView.m in Sources */ = {isa = PBXBuildFile; fileRef = E5E4DC79285ABB57009283FC /* XMRedPointView.m */; };
		E5E4DC7D285ABCE8009283FC /* DemoRedPointVC.m in Sources */ = {isa = PBXBuildFile; fileRef = E5E4DC7C285ABCE8009283FC /* DemoRedPointVC.m */; };
/* End PBXBuildFile section */

/* Begin PBXFileReference section */
		0CF30BE12995FF66000CE702 /* Person.h */ = {isa = PBXFileReference; lastKnownFileType = sourcecode.c.h; path = Person.h; sourceTree = "<group>"; };
		0CF30BE22995FF66000CE702 /* Person.m */ = {isa = PBXFileReference; lastKnownFileType = sourcecode.c.objc; path = Person.m; sourceTree = "<group>"; };
		0CF30BE429960853000CE702 /* TestVCViewController.h */ = {isa = PBXFileReference; lastKnownFileType = sourcecode.c.h; path = TestVCViewController.h; sourceTree = "<group>"; };
		0CF30BE529960853000CE702 /* TestVCViewController.m */ = {isa = PBXFileReference; lastKnownFileType = sourcecode.c.objc; path = TestVCViewController.m; sourceTree = "<group>"; };
		3C44539344E15FCB835361F2 /* Pods_XMUI_OC.framework */ = {isa = PBXFileReference; explicitFileType = wrapper.framework; includeInIndex = 0; path = Pods_XMUI_OC.framework; sourceTree = BUILT_PRODUCTS_DIR; };
		5036F11B7088385DCE192ACF /* Pods-XMUI_OC.release.xcconfig */ = {isa = PBXFileReference; includeInIndex = 1; lastKnownFileType = text.xcconfig; name = "Pods-XMUI_OC.release.xcconfig"; path = "Target Support Files/Pods-XMUI_OC/Pods-XMUI_OC.release.xcconfig"; sourceTree = "<group>"; };
		B0B116CDD9F7158C7D6F32B7 /* Pods-XMUI_OC.debug.xcconfig */ = {isa = PBXFileReference; includeInIndex = 1; lastKnownFileType = text.xcconfig; name = "Pods-XMUI_OC.debug.xcconfig"; path = "Target Support Files/Pods-XMUI_OC/Pods-XMUI_OC.debug.xcconfig"; sourceTree = "<group>"; };
		E50059B22851F36700928920 /* SPPageMenu.m */ = {isa = PBXFileReference; fileEncoding = 4; lastKnownFileType = sourcecode.c.objc; path = SPPageMenu.m; sourceTree = "<group>"; };
		E50059B32851F36700928920 /* SPPageMenu.h */ = {isa = PBXFileReference; fileEncoding = 4; lastKnownFileType = sourcecode.c.h; path = SPPageMenu.h; sourceTree = "<group>"; };
		E50059B62851F3D100928920 /* DemoPageMenuVC.h */ = {isa = PBXFileReference; lastKnownFileType = sourcecode.c.h; path = DemoPageMenuVC.h; sourceTree = "<group>"; };
		E50059B72851F3D100928920 /* DemoPageMenuVC.m */ = {isa = PBXFileReference; lastKnownFileType = sourcecode.c.objc; path = DemoPageMenuVC.m; sourceTree = "<group>"; };
		E50059B92851F64E00928920 /* FirstPageMenuVC.h */ = {isa = PBXFileReference; lastKnownFileType = sourcecode.c.h; path = FirstPageMenuVC.h; sourceTree = "<group>"; };
		E50059BA2851F64E00928920 /* FirstPageMenuVC.m */ = {isa = PBXFileReference; lastKnownFileType = sourcecode.c.objc; path = FirstPageMenuVC.m; sourceTree = "<group>"; };
		E5085E7928449D2E002863E2 /* UIImage+XMTool.m */ = {isa = PBXFileReference; fileEncoding = 4; lastKnownFileType = sourcecode.c.objc; path = "UIImage+XMTool.m"; sourceTree = "<group>"; };
		E5085E7A28449D2E002863E2 /* UIImage+XMTool.h */ = {isa = PBXFileReference; fileEncoding = 4; lastKnownFileType = sourcecode.c.h; path = "UIImage+XMTool.h"; sourceTree = "<group>"; };
		E5085E7C28449D5C002863E2 /* DemoImageVC.h */ = {isa = PBXFileReference; lastKnownFileType = sourcecode.c.h; path = DemoImageVC.h; sourceTree = "<group>"; };
		E5085E7D28449D5C002863E2 /* DemoImageVC.m */ = {isa = PBXFileReference; lastKnownFileType = sourcecode.c.objc; path = DemoImageVC.m; sourceTree = "<group>"; };
		E5085E812844E327002863E2 /* XMAlertView.h */ = {isa = PBXFileReference; lastKnownFileType = sourcecode.c.h; path = XMAlertView.h; sourceTree = "<group>"; };
		E5085E822844E327002863E2 /* XMAlertView.m */ = {isa = PBXFileReference; lastKnownFileType = sourcecode.c.objc; path = XMAlertView.m; sourceTree = "<group>"; };
		E5085E862844ED74002863E2 /* DemoAlertVC.h */ = {isa = PBXFileReference; lastKnownFileType = sourcecode.c.h; path = DemoAlertVC.h; sourceTree = "<group>"; };
		E5085E872844ED74002863E2 /* DemoAlertVC.m */ = {isa = PBXFileReference; lastKnownFileType = sourcecode.c.objc; path = DemoAlertVC.m; sourceTree = "<group>"; };
		E5085E8928458DE2002863E2 /* XMUIToolHeader.h */ = {isa = PBXFileReference; lastKnownFileType = sourcecode.c.h; path = XMUIToolHeader.h; sourceTree = "<group>"; };
		E5085E8A28458E44002863E2 /* UIView+XMFrame.h */ = {isa = PBXFileReference; lastKnownFileType = sourcecode.c.h; path = "UIView+XMFrame.h"; sourceTree = "<group>"; };
		E5085E8B28458E44002863E2 /* UIView+XMFrame.m */ = {isa = PBXFileReference; lastKnownFileType = sourcecode.c.objc; path = "UIView+XMFrame.m"; sourceTree = "<group>"; };
		E5085E932846147F002863E2 /* XMSignView.h */ = {isa = PBXFileReference; lastKnownFileType = sourcecode.c.h; path = XMSignView.h; sourceTree = "<group>"; };
		E5085E942846147F002863E2 /* XMSignView.m */ = {isa = PBXFileReference; lastKnownFileType = sourcecode.c.objc; path = XMSignView.m; sourceTree = "<group>"; };
		E5085E9728461542002863E2 /* XMCanvasView.h */ = {isa = PBXFileReference; lastKnownFileType = sourcecode.c.h; path = XMCanvasView.h; sourceTree = "<group>"; };
		E5085E9828461542002863E2 /* XMCanvasView.m */ = {isa = PBXFileReference; lastKnownFileType = sourcecode.c.objc; path = XMCanvasView.m; sourceTree = "<group>"; };
		E5085E9B28461901002863E2 /* DemoSignVC.h */ = {isa = PBXFileReference; lastKnownFileType = sourcecode.c.h; path = DemoSignVC.h; sourceTree = "<group>"; };
		E5085E9C28461901002863E2 /* DemoSignVC.m */ = {isa = PBXFileReference; lastKnownFileType = sourcecode.c.objc; path = DemoSignVC.m; sourceTree = "<group>"; };
		E5085EA3284850E8002863E2 /* XMTool.h */ = {isa = PBXFileReference; lastKnownFileType = sourcecode.c.h; path = XMTool.h; sourceTree = "<group>"; };
		E5085EA4284850E8002863E2 /* XMTool.m */ = {isa = PBXFileReference; lastKnownFileType = sourcecode.c.objc; path = XMTool.m; sourceTree = "<group>"; };
		E5085EA62848526D002863E2 /* XMToolMacro.h */ = {isa = PBXFileReference; fileEncoding = 4; lastKnownFileType = sourcecode.c.h; path = XMToolMacro.h; sourceTree = "<group>"; };
		E5085EA8284858BD002863E2 /* DemoToolVC.h */ = {isa = PBXFileReference; lastKnownFileType = sourcecode.c.h; path = DemoToolVC.h; sourceTree = "<group>"; };
		E5085EA9284858BD002863E2 /* DemoToolVC.m */ = {isa = PBXFileReference; lastKnownFileType = sourcecode.c.objc; path = DemoToolVC.m; sourceTree = "<group>"; };
		E5085EAD2848812A002863E2 /* XMUploadProgressView.h */ = {isa = PBXFileReference; lastKnownFileType = sourcecode.c.h; path = XMUploadProgressView.h; sourceTree = "<group>"; };
		E5085EAE2848812A002863E2 /* XMUploadProgressView.m */ = {isa = PBXFileReference; lastKnownFileType = sourcecode.c.objc; path = XMUploadProgressView.m; sourceTree = "<group>"; };
		E5085EB028488E40002863E2 /* DemoUploadProgressVC.h */ = {isa = PBXFileReference; lastKnownFileType = sourcecode.c.h; path = DemoUploadProgressVC.h; sourceTree = "<group>"; };
		E5085EB128488E40002863E2 /* DemoUploadProgressVC.m */ = {isa = PBXFileReference; lastKnownFileType = sourcecode.c.objc; path = DemoUploadProgressVC.m; sourceTree = "<group>"; };
		E51AD07C2841D7F900DBF3C8 /* DemoPopMenuVC.h */ = {isa = PBXFileReference; lastKnownFileType = sourcecode.c.h; path = DemoPopMenuVC.h; sourceTree = "<group>"; };
		E51AD07D2841D7F900DBF3C8 /* DemoPopMenuVC.m */ = {isa = PBXFileReference; lastKnownFileType = sourcecode.c.objc; path = DemoPopMenuVC.m; sourceTree = "<group>"; };
		E51AD0802842330000DBF3C8 /* XMNavigationController.h */ = {isa = PBXFileReference; fileEncoding = 4; lastKnownFileType = sourcecode.c.h; path = XMNavigationController.h; sourceTree = "<group>"; };
		E51AD0812842330000DBF3C8 /* XMNavigationController.m */ = {isa = PBXFileReference; fileEncoding = 4; lastKnownFileType = sourcecode.c.objc; path = XMNavigationController.m; sourceTree = "<group>"; };
		E51AD0832842330000DBF3C8 /* UINavigationController+FDFullscreenPopGesture.h */ = {isa = PBXFileReference; fileEncoding = 4; lastKnownFileType = sourcecode.c.h; path = "UINavigationController+FDFullscreenPopGesture.h"; sourceTree = "<group>"; };
		E51AD0842842330000DBF3C8 /* UINavigationController+FDFullscreenPopGesture.m */ = {isa = PBXFileReference; fileEncoding = 4; lastKnownFileType = sourcecode.c.objc; path = "UINavigationController+FDFullscreenPopGesture.m"; sourceTree = "<group>"; };
		E51AD088284233D800DBF3C8 /* DemoBaseVC.h */ = {isa = PBXFileReference; lastKnownFileType = sourcecode.c.h; path = DemoBaseVC.h; sourceTree = "<group>"; };
		E51AD089284233D800DBF3C8 /* DemoBaseVC.m */ = {isa = PBXFileReference; lastKnownFileType = sourcecode.c.objc; path = DemoBaseVC.m; sourceTree = "<group>"; };
		E51AD08B2842346E00DBF3C8 /* PrefixHeader.pch */ = {isa = PBXFileReference; lastKnownFileType = sourcecode.c.h; path = PrefixHeader.pch; sourceTree = "<group>"; };
		E51AD08D28423A1500DBF3C8 /* DemoButtonVC.h */ = {isa = PBXFileReference; lastKnownFileType = sourcecode.c.h; path = DemoButtonVC.h; sourceTree = "<group>"; };
		E51AD08E28423A1500DBF3C8 /* DemoButtonVC.m */ = {isa = PBXFileReference; lastKnownFileType = sourcecode.c.objc; path = DemoButtonVC.m; sourceTree = "<group>"; };
		E526799228432DF000B5FDC7 /* Tabbar.xcassets */ = {isa = PBXFileReference; lastKnownFileType = folder.assetcatalog; path = Tabbar.xcassets; sourceTree = "<group>"; };
		E526799328432DF000B5FDC7 /* XMTabBarVC.h */ = {isa = PBXFileReference; fileEncoding = 4; lastKnownFileType = sourcecode.c.h; path = XMTabBarVC.h; sourceTree = "<group>"; };
		E526799428432DF000B5FDC7 /* XMTabBarVC.m */ = {isa = PBXFileReference; fileEncoding = 4; lastKnownFileType = sourcecode.c.objc; path = XMTabBarVC.m; sourceTree = "<group>"; };
		E526799828432F9400B5FDC7 /* UITextField+XMTool.m */ = {isa = PBXFileReference; fileEncoding = 4; lastKnownFileType = sourcecode.c.objc; path = "UITextField+XMTool.m"; sourceTree = "<group>"; };
		E526799928432F9400B5FDC7 /* UITextField+XMTool.h */ = {isa = PBXFileReference; fileEncoding = 4; lastKnownFileType = sourcecode.c.h; path = "UITextField+XMTool.h"; sourceTree = "<group>"; };
		E526799C28432FFA00B5FDC7 /* DemoTextFieldVC.h */ = {isa = PBXFileReference; lastKnownFileType = sourcecode.c.h; path = DemoTextFieldVC.h; sourceTree = "<group>"; };
		E526799D28432FFA00B5FDC7 /* DemoTextFieldVC.m */ = {isa = PBXFileReference; lastKnownFileType = sourcecode.c.objc; path = DemoTextFieldVC.m; sourceTree = "<group>"; };
		E52679A02843332200B5FDC7 /* XMEmptyView.h */ = {isa = PBXFileReference; lastKnownFileType = sourcecode.c.h; path = XMEmptyView.h; sourceTree = "<group>"; };
		E52679A12843332200B5FDC7 /* XMEmptyView.m */ = {isa = PBXFileReference; lastKnownFileType = sourcecode.c.objc; path = XMEmptyView.m; sourceTree = "<group>"; };
		E52679A32843349E00B5FDC7 /* DemoEmptyVC.h */ = {isa = PBXFileReference; lastKnownFileType = sourcecode.c.h; path = DemoEmptyVC.h; sourceTree = "<group>"; };
		E52679A42843349E00B5FDC7 /* DemoEmptyVC.m */ = {isa = PBXFileReference; lastKnownFileType = sourcecode.c.objc; path = DemoEmptyVC.m; sourceTree = "<group>"; };
		E52679A7284367D900B5FDC7 /* XMTextView.h */ = {isa = PBXFileReference; lastKnownFileType = sourcecode.c.h; path = XMTextView.h; sourceTree = "<group>"; };
		E52679A8284367D900B5FDC7 /* XMTextView.m */ = {isa = PBXFileReference; lastKnownFileType = sourcecode.c.objc; path = XMTextView.m; sourceTree = "<group>"; };
		E52679AB284368D400B5FDC7 /* DemoTextViewVC.h */ = {isa = PBXFileReference; lastKnownFileType = sourcecode.c.h; path = DemoTextViewVC.h; sourceTree = "<group>"; };
		E52679AC284368D400B5FDC7 /* DemoTextViewVC.m */ = {isa = PBXFileReference; lastKnownFileType = sourcecode.c.objc; path = DemoTextViewVC.m; sourceTree = "<group>"; };
		E52679AF28444DEE00B5FDC7 /* DemoViewVC.h */ = {isa = PBXFileReference; lastKnownFileType = sourcecode.c.h; path = DemoViewVC.h; sourceTree = "<group>"; };
		E52679B028444DEE00B5FDC7 /* DemoViewVC.m */ = {isa = PBXFileReference; lastKnownFileType = sourcecode.c.objc; path = DemoViewVC.m; sourceTree = "<group>"; };
		E53CDC73283F3DB500B6AB00 /* XMUI_OC.app */ = {isa = PBXFileReference; explicitFileType = wrapper.application; includeInIndex = 0; path = XMUI_OC.app; sourceTree = BUILT_PRODUCTS_DIR; };
		E53CDC76283F3DB500B6AB00 /* AppDelegate.h */ = {isa = PBXFileReference; lastKnownFileType = sourcecode.c.h; path = AppDelegate.h; sourceTree = "<group>"; };
		E53CDC77283F3DB500B6AB00 /* AppDelegate.m */ = {isa = PBXFileReference; lastKnownFileType = sourcecode.c.objc; path = AppDelegate.m; sourceTree = "<group>"; };
		E53CDC7C283F3DB500B6AB00 /* ViewController.h */ = {isa = PBXFileReference; lastKnownFileType = sourcecode.c.h; path = ViewController.h; sourceTree = "<group>"; };
		E53CDC7D283F3DB500B6AB00 /* ViewController.m */ = {isa = PBXFileReference; lastKnownFileType = sourcecode.c.objc; path = ViewController.m; sourceTree = "<group>"; };
		E53CDC80283F3DB500B6AB00 /* Base */ = {isa = PBXFileReference; lastKnownFileType = file.storyboard; name = Base; path = Base.lproj/Main.storyboard; sourceTree = "<group>"; };
		E53CDC82283F3DB600B6AB00 /* Assets.xcassets */ = {isa = PBXFileReference; lastKnownFileType = folder.assetcatalog; path = Assets.xcassets; sourceTree = "<group>"; };
		E53CDC85283F3DB600B6AB00 /* Base */ = {isa = PBXFileReference; lastKnownFileType = file.storyboard; name = Base; path = Base.lproj/LaunchScreen.storyboard; sourceTree = "<group>"; };
		E53CDC87283F3DB600B6AB00 /* Info.plist */ = {isa = PBXFileReference; lastKnownFileType = text.plist.xml; path = Info.plist; sourceTree = "<group>"; };
		E53CDC88283F3DB600B6AB00 /* main.m */ = {isa = PBXFileReference; lastKnownFileType = sourcecode.c.objc; path = main.m; sourceTree = "<group>"; };
		E53CDC91283F427E00B6AB00 /* UILabel+XMTool.m */ = {isa = PBXFileReference; fileEncoding = 4; lastKnownFileType = sourcecode.c.objc; path = "UILabel+XMTool.m"; sourceTree = "<group>"; };
		E53CDC94283F427E00B6AB00 /* UILabel+XMTool.h */ = {isa = PBXFileReference; fileEncoding = 4; lastKnownFileType = sourcecode.c.h; path = "UILabel+XMTool.h"; sourceTree = "<group>"; };
		E53CDC98283F42E600B6AB00 /* UITableView+XMTool.m */ = {isa = PBXFileReference; fileEncoding = 4; lastKnownFileType = sourcecode.c.objc; path = "UITableView+XMTool.m"; sourceTree = "<group>"; };
		E53CDC99283F42E600B6AB00 /* UITableView+XMTool.h */ = {isa = PBXFileReference; fileEncoding = 4; lastKnownFileType = sourcecode.c.h; path = "UITableView+XMTool.h"; sourceTree = "<group>"; };
		E53CDC9B283F438F00B6AB00 /* XMSizeMacro.h */ = {isa = PBXFileReference; fileEncoding = 4; lastKnownFileType = sourcecode.c.h; path = XMSizeMacro.h; sourceTree = "<group>"; };
		E53CDCA1283F502D00B6AB00 /* UIColor+XMTool.h */ = {isa = PBXFileReference; fileEncoding = 4; lastKnownFileType = sourcecode.c.h; path = "UIColor+XMTool.h"; sourceTree = "<group>"; };
		E53CDCA2283F502D00B6AB00 /* UIColor+XMTool.m */ = {isa = PBXFileReference; fileEncoding = 4; lastKnownFileType = sourcecode.c.objc; path = "UIColor+XMTool.m"; sourceTree = "<group>"; };
		E53CDCA5283F50DA00B6AB00 /* UIButton+XMTool.h */ = {isa = PBXFileReference; fileEncoding = 4; lastKnownFileType = sourcecode.c.h; path = "UIButton+XMTool.h"; sourceTree = "<group>"; };
		E53CDCA6283F50DA00B6AB00 /* UIButton+XMTool.m */ = {isa = PBXFileReference; fileEncoding = 4; lastKnownFileType = sourcecode.c.objc; path = "UIButton+XMTool.m"; sourceTree = "<group>"; };
		E53CDCA9283F519200B6AB00 /* UIView+XMRotate360.h */ = {isa = PBXFileReference; fileEncoding = 4; lastKnownFileType = sourcecode.c.h; path = "UIView+XMRotate360.h"; sourceTree = "<group>"; };
		E53CDCAA283F519200B6AB00 /* UIView+XMConvertRect.h */ = {isa = PBXFileReference; fileEncoding = 4; lastKnownFileType = sourcecode.c.h; path = "UIView+XMConvertRect.h"; sourceTree = "<group>"; };
		E53CDCAB283F519200B6AB00 /* UIView+XMTool.h */ = {isa = PBXFileReference; fileEncoding = 4; lastKnownFileType = sourcecode.c.h; path = "UIView+XMTool.h"; sourceTree = "<group>"; };
		E53CDCAC283F519200B6AB00 /* UIView+XMRotate360.m */ = {isa = PBXFileReference; fileEncoding = 4; lastKnownFileType = sourcecode.c.objc; path = "UIView+XMRotate360.m"; sourceTree = "<group>"; };
		E53CDCAD283F519200B6AB00 /* UIView+XMTool.m */ = {isa = PBXFileReference; fileEncoding = 4; lastKnownFileType = sourcecode.c.objc; path = "UIView+XMTool.m"; sourceTree = "<group>"; };
		E53CDCAE283F519200B6AB00 /* UIView+XMConvertRect.m */ = {isa = PBXFileReference; fileEncoding = 4; lastKnownFileType = sourcecode.c.objc; path = "UIView+XMConvertRect.m"; sourceTree = "<group>"; };
		E53CDCB2283F6A4E00B6AB00 /* XMCustomNaviView.h */ = {isa = PBXFileReference; lastKnownFileType = sourcecode.c.h; path = XMCustomNaviView.h; sourceTree = "<group>"; };
		E53CDCB3283F6A4E00B6AB00 /* XMCustomNaviView.m */ = {isa = PBXFileReference; lastKnownFileType = sourcecode.c.objc; path = XMCustomNaviView.m; sourceTree = "<group>"; };
		E53CDCB6283F6BA400B6AB00 /* XMToast.h */ = {isa = PBXFileReference; lastKnownFileType = sourcecode.c.h; path = XMToast.h; sourceTree = "<group>"; };
		E53CDCB7283F6BA400B6AB00 /* XMToast.m */ = {isa = PBXFileReference; lastKnownFileType = sourcecode.c.objc; path = XMToast.m; sourceTree = "<group>"; };
		E53CDCBA283F74A900B6AB00 /* DemoToastVC.h */ = {isa = PBXFileReference; lastKnownFileType = sourcecode.c.h; path = DemoToastVC.h; sourceTree = "<group>"; };
		E53CDCBB283F74A900B6AB00 /* DemoToastVC.m */ = {isa = PBXFileReference; lastKnownFileType = sourcecode.c.objc; path = DemoToastVC.m; sourceTree = "<group>"; };
		E53CDCDD2840D69A00B6AB00 /* DemoLabelVC.h */ = {isa = PBXFileReference; lastKnownFileType = sourcecode.c.h; path = DemoLabelVC.h; sourceTree = "<group>"; };
		E53CDCDE2840D69A00B6AB00 /* DemoLabelVC.m */ = {isa = PBXFileReference; lastKnownFileType = sourcecode.c.objc; path = DemoLabelVC.m; sourceTree = "<group>"; };
		E53CDCE12841D77400B6AB00 /* XMPopMenu.h */ = {isa = PBXFileReference; fileEncoding = 4; lastKnownFileType = sourcecode.c.h; path = XMPopMenu.h; sourceTree = "<group>"; };
		E53CDCE22841D77400B6AB00 /* XMPopMenu.m */ = {isa = PBXFileReference; fileEncoding = 4; lastKnownFileType = sourcecode.c.objc; path = XMPopMenu.m; sourceTree = "<group>"; };
		E54054EB285C0E9E00979CA8 /* XMNoDataEmptyView.h */ = {isa = PBXFileReference; lastKnownFileType = sourcecode.c.h; path = XMNoDataEmptyView.h; sourceTree = "<group>"; };
		E54054EC285C0E9E00979CA8 /* XMNoDataEmptyView.m */ = {isa = PBXFileReference; lastKnownFileType = sourcecode.c.objc; path = XMNoDataEmptyView.m; sourceTree = "<group>"; };
		E54054EE285C0FAC00979CA8 /* DemoNoDataEmptyVC.h */ = {isa = PBXFileReference; lastKnownFileType = sourcecode.c.h; path = DemoNoDataEmptyVC.h; sourceTree = "<group>"; };
		E54054EF285C0FAC00979CA8 /* DemoNoDataEmptyVC.m */ = {isa = PBXFileReference; lastKnownFileType = sourcecode.c.objc; path = DemoNoDataEmptyVC.m; sourceTree = "<group>"; };
		E55F4F722855E65100A236EA /* BigEatSmallVC.h */ = {isa = PBXFileReference; lastKnownFileType = sourcecode.c.h; path = BigEatSmallVC.h; sourceTree = "<group>"; };
		E55F4F732855E65100A236EA /* BigEatSmallVC.m */ = {isa = PBXFileReference; lastKnownFileType = sourcecode.c.objc; path = BigEatSmallVC.m; sourceTree = "<group>"; };
		E55F4F752855E89700A236EA /* 1.mp3 */ = {isa = PBXFileReference; lastKnownFileType = audio.mp3; path = 1.mp3; sourceTree = "<group>"; };
		E55F4F762855E89700A236EA /* 2.mp3 */ = {isa = PBXFileReference; lastKnownFileType = audio.mp3; path = 2.mp3; sourceTree = "<group>"; };
		E5702D4028489A6A00E2F256 /* XMProgressBarView.h */ = {isa = PBXFileReference; lastKnownFileType = sourcecode.c.h; path = XMProgressBarView.h; sourceTree = "<group>"; };
		E5702D4128489A6A00E2F256 /* XMProgressBarView.m */ = {isa = PBXFileReference; lastKnownFileType = sourcecode.c.objc; path = XMProgressBarView.m; sourceTree = "<group>"; };
		E5702D5B284A46D000E2F256 /* XMLocationTrans.m */ = {isa = PBXFileReference; fileEncoding = 4; lastKnownFileType = sourcecode.c.objc; path = XMLocationTrans.m; sourceTree = "<group>"; };
		E5702D5C284A46D000E2F256 /* XMLocationTrans.h */ = {isa = PBXFileReference; fileEncoding = 4; lastKnownFileType = sourcecode.c.h; path = XMLocationTrans.h; sourceTree = "<group>"; };
		E5702D5F284A479600E2F256 /* NSMutableDictionary+XMSafe.h */ = {isa = PBXFileReference; fileEncoding = 4; lastKnownFileType = sourcecode.c.h; path = "NSMutableDictionary+XMSafe.h"; sourceTree = "<group>"; };
		E5702D60284A479600E2F256 /* NSMutableDictionary+XMSafe.m */ = {isa = PBXFileReference; fileEncoding = 4; lastKnownFileType = sourcecode.c.objc; path = "NSMutableDictionary+XMSafe.m"; sourceTree = "<group>"; };
		E5702D62284A479600E2F256 /* NSArray+XMSafe.h */ = {isa = PBXFileReference; fileEncoding = 4; lastKnownFileType = sourcecode.c.h; path = "NSArray+XMSafe.h"; sourceTree = "<group>"; };
		E5702D63284A479600E2F256 /* NSArray+XMSafe.m */ = {isa = PBXFileReference; fileEncoding = 4; lastKnownFileType = sourcecode.c.objc; path = "NSArray+XMSafe.m"; sourceTree = "<group>"; };
		E5702D67284A47B100E2F256 /* NSObject+XMRuntime.h */ = {isa = PBXFileReference; fileEncoding = 4; lastKnownFileType = sourcecode.c.h; path = "NSObject+XMRuntime.h"; sourceTree = "<group>"; };
		E5702D68284A47B100E2F256 /* NSObject+XMRuntime.m */ = {isa = PBXFileReference; fileEncoding = 4; lastKnownFileType = sourcecode.c.objc; path = "NSObject+XMRuntime.m"; sourceTree = "<group>"; };
		E5702D6B284A485000E2F256 /* NSString+XMValid.h */ = {isa = PBXFileReference; fileEncoding = 4; lastKnownFileType = sourcecode.c.h; path = "NSString+XMValid.h"; sourceTree = "<group>"; };
		E5702D6C284A485000E2F256 /* NSString+XMTool.h */ = {isa = PBXFileReference; fileEncoding = 4; lastKnownFileType = sourcecode.c.h; path = "NSString+XMTool.h"; sourceTree = "<group>"; };
		E5702D6D284A485000E2F256 /* NSString+XMBusiness.m */ = {isa = PBXFileReference; fileEncoding = 4; lastKnownFileType = sourcecode.c.objc; path = "NSString+XMBusiness.m"; sourceTree = "<group>"; };
		E5702D6E284A485000E2F256 /* NSString+XMValid.m */ = {isa = PBXFileReference; fileEncoding = 4; lastKnownFileType = sourcecode.c.objc; path = "NSString+XMValid.m"; sourceTree = "<group>"; };
		E5702D6F284A485000E2F256 /* NSString+XMTool.m */ = {isa = PBXFileReference; fileEncoding = 4; lastKnownFileType = sourcecode.c.objc; path = "NSString+XMTool.m"; sourceTree = "<group>"; };
		E5702D70284A485000E2F256 /* NSString+XMBusiness.h */ = {isa = PBXFileReference; fileEncoding = 4; lastKnownFileType = sourcecode.c.h; path = "NSString+XMBusiness.h"; sourceTree = "<group>"; };
		E5702D75284A48C300E2F256 /* NSDate+XMTool.h */ = {isa = PBXFileReference; fileEncoding = 4; lastKnownFileType = sourcecode.c.h; path = "NSDate+XMTool.h"; sourceTree = "<group>"; };
		E5702D76284A48C300E2F256 /* NSDate+XMTool.m */ = {isa = PBXFileReference; fileEncoding = 4; lastKnownFileType = sourcecode.c.objc; path = "NSDate+XMTool.m"; sourceTree = "<group>"; };
		E5702D79284A4C2100E2F256 /* XMTimer.h */ = {isa = PBXFileReference; fileEncoding = 4; lastKnownFileType = sourcecode.c.h; path = XMTimer.h; sourceTree = "<group>"; };
		E5702D7A284A4C2100E2F256 /* XMTimer.m */ = {isa = PBXFileReference; fileEncoding = 4; lastKnownFileType = sourcecode.c.objc; path = XMTimer.m; sourceTree = "<group>"; };
		E5702D7D284A4CAC00E2F256 /* DemoTimerVC.h */ = {isa = PBXFileReference; lastKnownFileType = sourcecode.c.h; path = DemoTimerVC.h; sourceTree = "<group>"; };
		E5702D7E284A4CAC00E2F256 /* DemoTimerVC.m */ = {isa = PBXFileReference; lastKnownFileType = sourcecode.c.objc; path = DemoTimerVC.m; sourceTree = "<group>"; };
		E5702D81284A4E9400E2F256 /* NSNumber+XMSafe.h */ = {isa = PBXFileReference; fileEncoding = 4; lastKnownFileType = sourcecode.c.h; path = "NSNumber+XMSafe.h"; sourceTree = "<group>"; };
		E5702D82284A4E9400E2F256 /* NSNumber+XMSafe.m */ = {isa = PBXFileReference; fileEncoding = 4; lastKnownFileType = sourcecode.c.objc; path = "NSNumber+XMSafe.m"; sourceTree = "<group>"; };
		E5702D85284CADAC00E2F256 /* XMCircleProgressView.h */ = {isa = PBXFileReference; lastKnownFileType = sourcecode.c.h; path = XMCircleProgressView.h; sourceTree = "<group>"; };
		E5702D86284CADAC00E2F256 /* XMCircleProgressView.m */ = {isa = PBXFileReference; lastKnownFileType = sourcecode.c.objc; path = XMCircleProgressView.m; sourceTree = "<group>"; };
		E5702D89284CAFD000E2F256 /* DemoCircleProgressVC.h */ = {isa = PBXFileReference; lastKnownFileType = sourcecode.c.h; path = DemoCircleProgressVC.h; sourceTree = "<group>"; };
		E5702D8A284CAFD000E2F256 /* DemoCircleProgressVC.m */ = {isa = PBXFileReference; lastKnownFileType = sourcecode.c.objc; path = DemoCircleProgressVC.m; sourceTree = "<group>"; };
		E5702D8C284CDA3400E2F256 /* XMCircleGradientProgressView.h */ = {isa = PBXFileReference; lastKnownFileType = sourcecode.c.h; path = XMCircleGradientProgressView.h; sourceTree = "<group>"; };
		E5702D8D284CDA3400E2F256 /* XMCircleGradientProgressView.m */ = {isa = PBXFileReference; lastKnownFileType = sourcecode.c.objc; path = XMCircleGradientProgressView.m; sourceTree = "<group>"; };
		E5702D8F284D60B400E2F256 /* UILabel+GradientLayer.h */ = {isa = PBXFileReference; lastKnownFileType = sourcecode.c.h; path = "UILabel+GradientLayer.h"; sourceTree = "<group>"; };
		E5702D90284D60B400E2F256 /* UILabel+GradientLayer.m */ = {isa = PBXFileReference; lastKnownFileType = sourcecode.c.objc; path = "UILabel+GradientLayer.m"; sourceTree = "<group>"; };
		E5702DA5284F567000E2F256 /* XMImageLabelView.h */ = {isa = PBXFileReference; lastKnownFileType = sourcecode.c.h; path = XMImageLabelView.h; sourceTree = "<group>"; };
		E5702DA6284F567000E2F256 /* XMImageLabelView.m */ = {isa = PBXFileReference; lastKnownFileType = sourcecode.c.objc; path = XMImageLabelView.m; sourceTree = "<group>"; };
		E5702DA9284F5B5A00E2F256 /* DemoImageLabelVC.h */ = {isa = PBXFileReference; lastKnownFileType = sourcecode.c.h; path = DemoImageLabelVC.h; sourceTree = "<group>"; };
		E5702DAA284F5B5A00E2F256 /* DemoImageLabelVC.m */ = {isa = PBXFileReference; lastKnownFileType = sourcecode.c.objc; path = DemoImageLabelVC.m; sourceTree = "<group>"; };
		E583A75C2858321E00CAD1F3 /* DemoHorizontalCollectionViewCell.h */ = {isa = PBXFileReference; lastKnownFileType = sourcecode.c.h; path = DemoHorizontalCollectionViewCell.h; sourceTree = "<group>"; };
		E583A75D2858321E00CAD1F3 /* DemoHorizontalCollectionViewCell.m */ = {isa = PBXFileReference; lastKnownFileType = sourcecode.c.objc; path = DemoHorizontalCollectionViewCell.m; sourceTree = "<group>"; };
		E5B812962851727600AA86E6 /* XMSortBarView.h */ = {isa = PBXFileReference; lastKnownFileType = sourcecode.c.h; path = XMSortBarView.h; sourceTree = "<group>"; };
		E5B812972851727600AA86E6 /* XMSortBarView.m */ = {isa = PBXFileReference; lastKnownFileType = sourcecode.c.objc; path = XMSortBarView.m; sourceTree = "<group>"; };
		E5B8129A2851762700AA86E6 /* DemoSortBarVC.h */ = {isa = PBXFileReference; lastKnownFileType = sourcecode.c.h; path = DemoSortBarVC.h; sourceTree = "<group>"; };
		E5B8129B2851762700AA86E6 /* DemoSortBarVC.m */ = {isa = PBXFileReference; lastKnownFileType = sourcecode.c.objc; path = DemoSortBarVC.m; sourceTree = "<group>"; };
		E5D3491A28607E1200DB1BBE /* OrderListAlertView.h */ = {isa = PBXFileReference; lastKnownFileType = sourcecode.c.h; path = OrderListAlertView.h; sourceTree = "<group>"; };
		E5D3491B28607E1200DB1BBE /* OrderListAlertView.m */ = {isa = PBXFileReference; lastKnownFileType = sourcecode.c.objc; path = OrderListAlertView.m; sourceTree = "<group>"; };
		E5D3491D28607E6B00DB1BBE /* OrderListCell.h */ = {isa = PBXFileReference; lastKnownFileType = sourcecode.c.h; path = OrderListCell.h; sourceTree = "<group>"; };
		E5D3491E28607E6B00DB1BBE /* OrderListCell.m */ = {isa = PBXFileReference; lastKnownFileType = sourcecode.c.objc; path = OrderListCell.m; sourceTree = "<group>"; };
		E5D34921286080E700DB1BBE /* DemoOrderListAlertViewVC.h */ = {isa = PBXFileReference; lastKnownFileType = sourcecode.c.h; path = DemoOrderListAlertViewVC.h; sourceTree = "<group>"; };
		E5D34922286080E700DB1BBE /* DemoOrderListAlertViewVC.m */ = {isa = PBXFileReference; lastKnownFileType = sourcecode.c.objc; path = DemoOrderListAlertViewVC.m; sourceTree = "<group>"; };
		E5D4CB452862C6D5007C0B3E /* XMDatePickerView.h */ = {isa = PBXFileReference; lastKnownFileType = sourcecode.c.h; path = XMDatePickerView.h; sourceTree = "<group>"; };
		E5D4CB462862C6D5007C0B3E /* XMDatePickerView.m */ = {isa = PBXFileReference; lastKnownFileType = sourcecode.c.objc; path = XMDatePickerView.m; sourceTree = "<group>"; };
		E5D4CB492862CCAA007C0B3E /* DemoDatePickerVC.h */ = {isa = PBXFileReference; lastKnownFileType = sourcecode.c.h; path = DemoDatePickerVC.h; sourceTree = "<group>"; };
		E5D4CB4A2862CCAA007C0B3E /* DemoDatePickerVC.m */ = {isa = PBXFileReference; lastKnownFileType = sourcecode.c.objc; path = DemoDatePickerVC.m; sourceTree = "<group>"; };
		E5E1138D28581AB9007F3182 /* DemoCollectionVC.h */ = {isa = PBXFileReference; lastKnownFileType = sourcecode.c.h; path = DemoCollectionVC.h; sourceTree = "<group>"; };
		E5E1138E28581AB9007F3182 /* DemoCollectionVC.m */ = {isa = PBXFileReference; lastKnownFileType = sourcecode.c.objc; path = DemoCollectionVC.m; sourceTree = "<group>"; };
		E5E1139028581DCE007F3182 /* DemoCollectionCell.h */ = {isa = PBXFileReference; lastKnownFileType = sourcecode.c.h; path = DemoCollectionCell.h; sourceTree = "<group>"; };
		E5E1139128581DCE007F3182 /* DemoCollectionCell.m */ = {isa = PBXFileReference; lastKnownFileType = sourcecode.c.objc; path = DemoCollectionCell.m; sourceTree = "<group>"; };
		E5E1139428582861007F3182 /* MLHorizontalCollectionViewFlowLayout.h */ = {isa = PBXFileReference; lastKnownFileType = sourcecode.c.h; path = MLHorizontalCollectionViewFlowLayout.h; sourceTree = "<group>"; };
		E5E1139528582861007F3182 /* MLHorizontalCollectionViewFlowLayout.m */ = {isa = PBXFileReference; lastKnownFileType = sourcecode.c.objc; path = MLHorizontalCollectionViewFlowLayout.m; sourceTree = "<group>"; };
		E5E1139728583059007F3182 /* DemoCollectionVC2.h */ = {isa = PBXFileReference; lastKnownFileType = sourcecode.c.h; path = DemoCollectionVC2.h; sourceTree = "<group>"; };
		E5E1139828583059007F3182 /* DemoCollectionVC2.m */ = {isa = PBXFileReference; lastKnownFileType = sourcecode.c.objc; path = DemoCollectionVC2.m; sourceTree = "<group>"; };
		E5E4DC78285ABB57009283FC /* XMRedPointView.h */ = {isa = PBXFileReference; lastKnownFileType = sourcecode.c.h; path = XMRedPointView.h; sourceTree = "<group>"; };
		E5E4DC79285ABB57009283FC /* XMRedPointView.m */ = {isa = PBXFileReference; lastKnownFileType = sourcecode.c.objc; path = XMRedPointView.m; sourceTree = "<group>"; };
		E5E4DC7B285ABCE8009283FC /* DemoRedPointVC.h */ = {isa = PBXFileReference; lastKnownFileType = sourcecode.c.h; path = DemoRedPointVC.h; sourceTree = "<group>"; };
		E5E4DC7C285ABCE8009283FC /* DemoRedPointVC.m */ = {isa = PBXFileReference; lastKnownFileType = sourcecode.c.objc; path = DemoRedPointVC.m; sourceTree = "<group>"; };
/* End PBXFileReference section */

/* Begin PBXFrameworksBuildPhase section */
		E53CDC70283F3DB500B6AB00 /* Frameworks */ = {
			isa = PBXFrameworksBuildPhase;
			buildActionMask = 2147483647;
			files = (
				2FDA38751F687069DE00C5A5 /* Pods_XMUI_OC.framework in Frameworks */,
			);
			runOnlyForDeploymentPostprocessing = 0;
		};
/* End PBXFrameworksBuildPhase section */

/* Begin PBXGroup section */
		1EB367DA03299910153853B6 /* Frameworks */ = {
			isa = PBXGroup;
			children = (
				3C44539344E15FCB835361F2 /* Pods_XMUI_OC.framework */,
			);
			name = Frameworks;
			sourceTree = "<group>";
		};
		E50059B12851F32F00928920 /* XMPageMenu */ = {
			isa = PBXGroup;
			children = (
				E50059B32851F36700928920 /* SPPageMenu.h */,
				E50059B22851F36700928920 /* SPPageMenu.m */,
			);
			path = XMPageMenu;
			sourceTree = "<group>";
		};
		E50059B52851F3AD00928920 /* XMPageMenuVC */ = {
			isa = PBXGroup;
			children = (
				E50059B62851F3D100928920 /* DemoPageMenuVC.h */,
				E50059B72851F3D100928920 /* DemoPageMenuVC.m */,
				E50059B92851F64E00928920 /* FirstPageMenuVC.h */,
				E50059BA2851F64E00928920 /* FirstPageMenuVC.m */,
			);
			path = XMPageMenuVC;
			sourceTree = "<group>";
		};
		E5085E7828449CC7002863E2 /* UIImage */ = {
			isa = PBXGroup;
			children = (
				E5085E7A28449D2E002863E2 /* UIImage+XMTool.h */,
				E5085E7928449D2E002863E2 /* UIImage+XMTool.m */,
			);
			path = UIImage;
			sourceTree = "<group>";
		};
		E5085E7F28449D68002863E2 /* UIImageVC */ = {
			isa = PBXGroup;
			children = (
				E5085E7C28449D5C002863E2 /* DemoImageVC.h */,
				E5085E7D28449D5C002863E2 /* DemoImageVC.m */,
			);
			path = UIImageVC;
			sourceTree = "<group>";
		};
		E5085E802844E314002863E2 /* AlertView */ = {
			isa = PBXGroup;
			children = (
				E5085E812844E327002863E2 /* XMAlertView.h */,
				E5085E822844E327002863E2 /* XMAlertView.m */,
			);
			path = AlertView;
			sourceTree = "<group>";
		};
		E5085E842844ED4E002863E2 /* AlertVC */ = {
			isa = PBXGroup;
			children = (
				E5085E862844ED74002863E2 /* DemoAlertVC.h */,
				E5085E872844ED74002863E2 /* DemoAlertVC.m */,
			);
			path = AlertVC;
			sourceTree = "<group>";
		};
		E5085E8D2845969D002863E2 /* EmptyVC */ = {
			isa = PBXGroup;
			children = (
				E52679A32843349E00B5FDC7 /* DemoEmptyVC.h */,
				E52679A42843349E00B5FDC7 /* DemoEmptyVC.m */,
				E54054EE285C0FAC00979CA8 /* DemoNoDataEmptyVC.h */,
				E54054EF285C0FAC00979CA8 /* DemoNoDataEmptyVC.m */,
			);
			path = EmptyVC;
			sourceTree = "<group>";
		};
		E5085E922846141B002863E2 /* SignView */ = {
			isa = PBXGroup;
			children = (
				E5085E932846147F002863E2 /* XMSignView.h */,
				E5085E942846147F002863E2 /* XMSignView.m */,
				E5085E962846150C002863E2 /* 画布 */,
			);
			path = SignView;
			sourceTree = "<group>";
		};
		E5085E962846150C002863E2 /* 画布 */ = {
			isa = PBXGroup;
			children = (
				E5085E9728461542002863E2 /* XMCanvasView.h */,
				E5085E9828461542002863E2 /* XMCanvasView.m */,
			);
			path = "画布";
			sourceTree = "<group>";
		};
		E5085E9A284618EA002863E2 /* SignVC */ = {
			isa = PBXGroup;
			children = (
				E5085E9B28461901002863E2 /* DemoSignVC.h */,
				E5085E9C28461901002863E2 /* DemoSignVC.m */,
			);
			path = SignVC;
			sourceTree = "<group>";
		};
		E5085EA2284850D3002863E2 /* Tool */ = {
			isa = PBXGroup;
			children = (
				E5085EA62848526D002863E2 /* XMToolMacro.h */,
				E5085EA3284850E8002863E2 /* XMTool.h */,
				E5085EA4284850E8002863E2 /* XMTool.m */,
			);
			path = Tool;
			sourceTree = "<group>";
		};
		E5085EA7284858A2002863E2 /* ToolVC */ = {
			isa = PBXGroup;
			children = (
				E5085EA8284858BD002863E2 /* DemoToolVC.h */,
				E5085EA9284858BD002863E2 /* DemoToolVC.m */,
			);
			path = ToolVC;
			sourceTree = "<group>";
		};
		E5085EAB284880C7002863E2 /* UploadProgressVC */ = {
			isa = PBXGroup;
			children = (
				E5085EB028488E40002863E2 /* DemoUploadProgressVC.h */,
				E5085EB128488E40002863E2 /* DemoUploadProgressVC.m */,
			);
			path = UploadProgressVC;
			sourceTree = "<group>";
		};
		E5085EAC28488100002863E2 /* UploadProgress */ = {
			isa = PBXGroup;
			children = (
				E5085EAD2848812A002863E2 /* XMUploadProgressView.h */,
				E5085EAE2848812A002863E2 /* XMUploadProgressView.m */,
			);
			path = UploadProgress;
			sourceTree = "<group>";
		};
		E5085EB328489A11002863E2 /* ProgressBar */ = {
			isa = PBXGroup;
			children = (
				E5702D4028489A6A00E2F256 /* XMProgressBarView.h */,
				E5702D4128489A6A00E2F256 /* XMProgressBarView.m */,
			);
			path = ProgressBar;
			sourceTree = "<group>";
		};
		E5145DA828607DB400E84621 /* OrderListAlertView */ = {
			isa = PBXGroup;
			children = (
				E5D3491A28607E1200DB1BBE /* OrderListAlertView.h */,
				E5D3491B28607E1200DB1BBE /* OrderListAlertView.m */,
				E5D3491D28607E6B00DB1BBE /* OrderListCell.h */,
				E5D3491E28607E6B00DB1BBE /* OrderListCell.m */,
			);
			path = OrderListAlertView;
			sourceTree = "<group>";
		};
		E51AD07F284232EE00DBF3C8 /* UINavigationController */ = {
			isa = PBXGroup;
			children = (
				E51AD0822842330000DBF3C8 /* 好用的滑动返回第三方未改动--使用方法在XM_UIViewController */,
				E51AD0802842330000DBF3C8 /* XMNavigationController.h */,
				E51AD0812842330000DBF3C8 /* XMNavigationController.m */,
			);
			path = UINavigationController;
			sourceTree = "<group>";
		};
		E51AD0822842330000DBF3C8 /* 好用的滑动返回第三方未改动--使用方法在XM_UIViewController */ = {
			isa = PBXGroup;
			children = (
				E51AD0832842330000DBF3C8 /* UINavigationController+FDFullscreenPopGesture.h */,
				E51AD0842842330000DBF3C8 /* UINavigationController+FDFullscreenPopGesture.m */,
			);
			path = "好用的滑动返回第三方未改动--使用方法在XM_UIViewController";
			sourceTree = "<group>";
		};
		E51AD087284233C000DBF3C8 /* DemoBaseVC */ = {
			isa = PBXGroup;
			children = (
				E51AD088284233D800DBF3C8 /* DemoBaseVC.h */,
				E51AD089284233D800DBF3C8 /* DemoBaseVC.m */,
			);
			path = DemoBaseVC;
			sourceTree = "<group>";
		};
		E51AD08C284239F700DBF3C8 /* UIButtonVC */ = {
			isa = PBXGroup;
			children = (
				E51AD08D28423A1500DBF3C8 /* DemoButtonVC.h */,
				E51AD08E28423A1500DBF3C8 /* DemoButtonVC.m */,
			);
			path = UIButtonVC;
			sourceTree = "<group>";
		};
		E51AD09028432D8400DBF3C8 /* UITabBarVC */ = {
			isa = PBXGroup;
			children = (
				E526799228432DF000B5FDC7 /* Tabbar.xcassets */,
				E526799328432DF000B5FDC7 /* XMTabBarVC.h */,
				E526799428432DF000B5FDC7 /* XMTabBarVC.m */,
			);
			path = UITabBarVC;
			sourceTree = "<group>";
		};
		E526799728432F8300B5FDC7 /* UITextField */ = {
			isa = PBXGroup;
			children = (
				E526799928432F9400B5FDC7 /* UITextField+XMTool.h */,
				E526799828432F9400B5FDC7 /* UITextField+XMTool.m */,
			);
			path = UITextField;
			sourceTree = "<group>";
		};
		E526799B28432FDF00B5FDC7 /* UITextFieldVC */ = {
			isa = PBXGroup;
			children = (
				E526799C28432FFA00B5FDC7 /* DemoTextFieldVC.h */,
				E526799D28432FFA00B5FDC7 /* DemoTextFieldVC.m */,
			);
			path = UITextFieldVC;
			sourceTree = "<group>";
		};
		E526799F2843330600B5FDC7 /* EmptyView */ = {
			isa = PBXGroup;
			children = (
				E52679A02843332200B5FDC7 /* XMEmptyView.h */,
				E52679A12843332200B5FDC7 /* XMEmptyView.m */,
				E54054EB285C0E9E00979CA8 /* XMNoDataEmptyView.h */,
				E54054EC285C0E9E00979CA8 /* XMNoDataEmptyView.m */,
			);
			path = EmptyView;
			sourceTree = "<group>";
		};
		E52679A6284367B400B5FDC7 /* UITextView */ = {
			isa = PBXGroup;
			children = (
				E52679A7284367D900B5FDC7 /* XMTextView.h */,
				E52679A8284367D900B5FDC7 /* XMTextView.m */,
			);
			path = UITextView;
			sourceTree = "<group>";
		};
		E52679AA284368C000B5FDC7 /* UITextViewVC */ = {
			isa = PBXGroup;
			children = (
				E52679AB284368D400B5FDC7 /* DemoTextViewVC.h */,
				E52679AC284368D400B5FDC7 /* DemoTextViewVC.m */,
			);
			path = UITextViewVC;
			sourceTree = "<group>";
		};
		E52679AE28444DD800B5FDC7 /* UIViewVC */ = {
			isa = PBXGroup;
			children = (
				E52679AF28444DEE00B5FDC7 /* DemoViewVC.h */,
				E52679B028444DEE00B5FDC7 /* DemoViewVC.m */,
			);
			path = UIViewVC;
			sourceTree = "<group>";
		};
		E53CDC6A283F3DB500B6AB00 = {
			isa = PBXGroup;
			children = (
				E53CDC75283F3DB500B6AB00 /* XMUI_OC */,
				E53CDC74283F3DB500B6AB00 /* Products */,
				FAA24D633BBC10064ABDE163 /* Pods */,
				1EB367DA03299910153853B6 /* Frameworks */,
			);
			sourceTree = "<group>";
		};
		E53CDC74283F3DB500B6AB00 /* Products */ = {
			isa = PBXGroup;
			children = (
				E53CDC73283F3DB500B6AB00 /* XMUI_OC.app */,
			);
			name = Products;
			sourceTree = "<group>";
		};
		E53CDC75283F3DB500B6AB00 /* XMUI_OC */ = {
			isa = PBXGroup;
			children = (
				E53CDC76283F3DB500B6AB00 /* AppDelegate.h */,
				E53CDC77283F3DB500B6AB00 /* AppDelegate.m */,
				E53CDC7C283F3DB500B6AB00 /* ViewController.h */,
				E53CDC7D283F3DB500B6AB00 /* ViewController.m */,
				E53CDCB9283F747700B6AB00 /* TestVC */,
				E53CDC8F283F3F2300B6AB00 /* XMUITool(UI工具箱) */,
				E53CDC7F283F3DB500B6AB00 /* Main.storyboard */,
				E53CDC82283F3DB600B6AB00 /* Assets.xcassets */,
				E53CDC84283F3DB600B6AB00 /* LaunchScreen.storyboard */,
				E53CDC87283F3DB600B6AB00 /* Info.plist */,
				E53CDC88283F3DB600B6AB00 /* main.m */,
				E51AD08B2842346E00DBF3C8 /* PrefixHeader.pch */,
			);
			path = XMUI_OC;
			sourceTree = "<group>";
		};
		E53CDC8F283F3F2300B6AB00 /* XMUITool(UI工具箱) */ = {
			isa = PBXGroup;
			children = (
				E5085E8928458DE2002863E2 /* XMUIToolHeader.h */,
				E53CDC9B283F438F00B6AB00 /* XMSizeMacro.h */,
				E5D4CB442862C6BD007C0B3E /* DatePickerView */,
				E5145DA828607DB400E84621 /* OrderListAlertView */,
				E5E4DC77285ABB44009283FC /* XMRedPointView */,
				E50059B12851F32F00928920 /* XMPageMenu */,
				E5B812952851726400AA86E6 /* XMSortBarView */,
				E5702DA4284F564F00E2F256 /* ImageLabelView */,
				E5702D84284CAD7300E2F256 /* CircleProgressView */,
				E5702D59284A46A000E2F256 /* XMFoundation */,
				E5085EA2284850D3002863E2 /* Tool */,
				E5085EB328489A11002863E2 /* ProgressBar */,
				E5085EAC28488100002863E2 /* UploadProgress */,
				E5085E922846141B002863E2 /* SignView */,
				E5085E802844E314002863E2 /* AlertView */,
				E5085E7828449CC7002863E2 /* UIImage */,
				E52679A6284367B400B5FDC7 /* UITextView */,
				E526799F2843330600B5FDC7 /* EmptyView */,
				E526799728432F8300B5FDC7 /* UITextField */,
				E51AD09028432D8400DBF3C8 /* UITabBarVC */,
				E51AD07F284232EE00DBF3C8 /* UINavigationController */,
				E53CDCE02841D76600B6AB00 /* PopMenu */,
				E53CDCB5283F6B4200B6AB00 /* Toast */,
				E53CDCA8283F518200B6AB00 /* UIView */,
				E53CDCA4283F50C600B6AB00 /* UIButton */,
				E53CDCA0283F502100B6AB00 /* UIColor */,
				E53CDC9C283F439B00B6AB00 /* CustomNaviView */,
				E53CDC97283F42C800B6AB00 /* UITableView */,
				E53CDC90283F3F7900B6AB00 /* UILabel */,
			);
			path = "XMUITool(UI工具箱)";
			sourceTree = "<group>";
		};
		E53CDC90283F3F7900B6AB00 /* UILabel */ = {
			isa = PBXGroup;
			children = (
				E53CDC94283F427E00B6AB00 /* UILabel+XMTool.h */,
				E53CDC91283F427E00B6AB00 /* UILabel+XMTool.m */,
				E5702D8F284D60B400E2F256 /* UILabel+GradientLayer.h */,
				E5702D90284D60B400E2F256 /* UILabel+GradientLayer.m */,
			);
			path = UILabel;
			sourceTree = "<group>";
		};
		E53CDC97283F42C800B6AB00 /* UITableView */ = {
			isa = PBXGroup;
			children = (
				E53CDC99283F42E600B6AB00 /* UITableView+XMTool.h */,
				E53CDC98283F42E600B6AB00 /* UITableView+XMTool.m */,
			);
			path = UITableView;
			sourceTree = "<group>";
		};
		E53CDC9C283F439B00B6AB00 /* CustomNaviView */ = {
			isa = PBXGroup;
			children = (
				E53CDCB2283F6A4E00B6AB00 /* XMCustomNaviView.h */,
				E53CDCB3283F6A4E00B6AB00 /* XMCustomNaviView.m */,
			);
			path = CustomNaviView;
			sourceTree = "<group>";
		};
		E53CDCA0283F502100B6AB00 /* UIColor */ = {
			isa = PBXGroup;
			children = (
				E53CDCA1283F502D00B6AB00 /* UIColor+XMTool.h */,
				E53CDCA2283F502D00B6AB00 /* UIColor+XMTool.m */,
			);
			path = UIColor;
			sourceTree = "<group>";
		};
		E53CDCA4283F50C600B6AB00 /* UIButton */ = {
			isa = PBXGroup;
			children = (
				E53CDCA5283F50DA00B6AB00 /* UIButton+XMTool.h */,
				E53CDCA6283F50DA00B6AB00 /* UIButton+XMTool.m */,
			);
			path = UIButton;
			sourceTree = "<group>";
		};
		E53CDCA8283F518200B6AB00 /* UIView */ = {
			isa = PBXGroup;
			children = (
				E5085E8A28458E44002863E2 /* UIView+XMFrame.h */,
				E5085E8B28458E44002863E2 /* UIView+XMFrame.m */,
				E53CDCAB283F519200B6AB00 /* UIView+XMTool.h */,
				E53CDCAD283F519200B6AB00 /* UIView+XMTool.m */,
				E53CDCAA283F519200B6AB00 /* UIView+XMConvertRect.h */,
				E53CDCAE283F519200B6AB00 /* UIView+XMConvertRect.m */,
				E53CDCA9283F519200B6AB00 /* UIView+XMRotate360.h */,
				E53CDCAC283F519200B6AB00 /* UIView+XMRotate360.m */,
			);
			path = UIView;
			sourceTree = "<group>";
		};
		E53CDCB5283F6B4200B6AB00 /* Toast */ = {
			isa = PBXGroup;
			children = (
				E53CDCB6283F6BA400B6AB00 /* XMToast.h */,
				E53CDCB7283F6BA400B6AB00 /* XMToast.m */,
			);
			path = Toast;
			sourceTree = "<group>";
		};
		E53CDCB9283F747700B6AB00 /* TestVC */ = {
			isa = PBXGroup;
			children = (
				E5D4CB482862CC94007C0B3E /* DatePickerView */,
				E5D34920286080C800DB1BBE /* OrderListAlertView */,
				E5E4DC7E285ABCEE009283FC /* RedPointVC */,
				E5E1138C28581A73007F3182 /* DemoCollectionViewVC */,
				E55F4F712855E62600A236EA /* BigEatSmallVC */,
				E50059B52851F3AD00928920 /* XMPageMenuVC */,
				E5B812992851761100AA86E6 /* SortBarVC */,
				E5702DA8284F5B3400E2F256 /* ImageLabelVC */,
				E5702D88284CAFB200E2F256 /* CircleProgressVC */,
				E5702D7C284A4C8D00E2F256 /* TimerVC */,
				E5085EA7284858A2002863E2 /* ToolVC */,
				E5085EAB284880C7002863E2 /* UploadProgressVC */,
				E5085E9A284618EA002863E2 /* SignVC */,
				E5085E842844ED4E002863E2 /* AlertVC */,
				E5085E7F28449D68002863E2 /* UIImageVC */,
				E52679AE28444DD800B5FDC7 /* UIViewVC */,
				E52679AA284368C000B5FDC7 /* UITextViewVC */,
				E526799B28432FDF00B5FDC7 /* UITextFieldVC */,
				E51AD08C284239F700DBF3C8 /* UIButtonVC */,
				E51AD087284233C000DBF3C8 /* DemoBaseVC */,
				E53CDCE42841D77B00B6AB00 /* PopMenuVC */,
				E53CDCDC2840D67600B6AB00 /* UILabelVC */,
				E53CDCBD283F819F00B6AB00 /* ToastVC */,
				E5085E8D2845969D002863E2 /* EmptyVC */,
			);
			path = TestVC;
			sourceTree = "<group>";
		};
		E53CDCBD283F819F00B6AB00 /* ToastVC */ = {
			isa = PBXGroup;
			children = (
				E53CDCBA283F74A900B6AB00 /* DemoToastVC.h */,
				E53CDCBB283F74A900B6AB00 /* DemoToastVC.m */,
				0CF30BE429960853000CE702 /* TestVCViewController.h */,
				0CF30BE529960853000CE702 /* TestVCViewController.m */,
				0CF30BE12995FF66000CE702 /* Person.h */,
				0CF30BE22995FF66000CE702 /* Person.m */,
			);
			path = ToastVC;
			sourceTree = "<group>";
		};
		E53CDCDC2840D67600B6AB00 /* UILabelVC */ = {
			isa = PBXGroup;
			children = (
				E53CDCDD2840D69A00B6AB00 /* DemoLabelVC.h */,
				E53CDCDE2840D69A00B6AB00 /* DemoLabelVC.m */,
			);
			path = UILabelVC;
			sourceTree = "<group>";
		};
		E53CDCE02841D76600B6AB00 /* PopMenu */ = {
			isa = PBXGroup;
			children = (
				E53CDCE12841D77400B6AB00 /* XMPopMenu.h */,
				E53CDCE22841D77400B6AB00 /* XMPopMenu.m */,
			);
			path = PopMenu;
			sourceTree = "<group>";
		};
		E53CDCE42841D77B00B6AB00 /* PopMenuVC */ = {
			isa = PBXGroup;
			children = (
				E51AD07C2841D7F900DBF3C8 /* DemoPopMenuVC.h */,
				E51AD07D2841D7F900DBF3C8 /* DemoPopMenuVC.m */,
			);
			path = PopMenuVC;
			sourceTree = "<group>";
		};
		E55F4F712855E62600A236EA /* BigEatSmallVC */ = {
			isa = PBXGroup;
			children = (
				E55F4F722855E65100A236EA /* BigEatSmallVC.h */,
				E55F4F732855E65100A236EA /* BigEatSmallVC.m */,
				E55F4F752855E89700A236EA /* 1.mp3 */,
				E55F4F762855E89700A236EA /* 2.mp3 */,
			);
			path = BigEatSmallVC;
			sourceTree = "<group>";
		};
		E5702D59284A46A000E2F256 /* XMFoundation */ = {
			isa = PBXGroup;
			children = (
				E5702D80284A4E9400E2F256 /* XM_NSNumber */,
				E5702D78284A4C2100E2F256 /* XM_NSTimer */,
				E5702D74284A48C300E2F256 /* XM_NSDate */,
				E5702D6A284A485000E2F256 /* XM_NSString */,
				E5702D66284A47B100E2F256 /* XM_NSObject */,
				E5702D61284A479600E2F256 /* XM_NSArray */,
				E5702D5E284A479600E2F256 /* XM_NSDictionary */,
				E5702D5A284A46D000E2F256 /* XM_LocationTrans */,
			);
			path = XMFoundation;
			sourceTree = "<group>";
		};
		E5702D5A284A46D000E2F256 /* XM_LocationTrans */ = {
			isa = PBXGroup;
			children = (
				E5702D5C284A46D000E2F256 /* XMLocationTrans.h */,
				E5702D5B284A46D000E2F256 /* XMLocationTrans.m */,
			);
			path = XM_LocationTrans;
			sourceTree = "<group>";
		};
		E5702D5E284A479600E2F256 /* XM_NSDictionary */ = {
			isa = PBXGroup;
			children = (
				E5702D5F284A479600E2F256 /* NSMutableDictionary+XMSafe.h */,
				E5702D60284A479600E2F256 /* NSMutableDictionary+XMSafe.m */,
			);
			path = XM_NSDictionary;
			sourceTree = "<group>";
		};
		E5702D61284A479600E2F256 /* XM_NSArray */ = {
			isa = PBXGroup;
			children = (
				E5702D62284A479600E2F256 /* NSArray+XMSafe.h */,
				E5702D63284A479600E2F256 /* NSArray+XMSafe.m */,
			);
			path = XM_NSArray;
			sourceTree = "<group>";
		};
		E5702D66284A47B100E2F256 /* XM_NSObject */ = {
			isa = PBXGroup;
			children = (
				E5702D67284A47B100E2F256 /* NSObject+XMRuntime.h */,
				E5702D68284A47B100E2F256 /* NSObject+XMRuntime.m */,
			);
			path = XM_NSObject;
			sourceTree = "<group>";
		};
		E5702D6A284A485000E2F256 /* XM_NSString */ = {
			isa = PBXGroup;
			children = (
				E5702D6B284A485000E2F256 /* NSString+XMValid.h */,
				E5702D6E284A485000E2F256 /* NSString+XMValid.m */,
				E5702D6C284A485000E2F256 /* NSString+XMTool.h */,
				E5702D6F284A485000E2F256 /* NSString+XMTool.m */,
				E5702D70284A485000E2F256 /* NSString+XMBusiness.h */,
				E5702D6D284A485000E2F256 /* NSString+XMBusiness.m */,
			);
			path = XM_NSString;
			sourceTree = "<group>";
		};
		E5702D74284A48C300E2F256 /* XM_NSDate */ = {
			isa = PBXGroup;
			children = (
				E5702D75284A48C300E2F256 /* NSDate+XMTool.h */,
				E5702D76284A48C300E2F256 /* NSDate+XMTool.m */,
			);
			path = XM_NSDate;
			sourceTree = "<group>";
		};
		E5702D78284A4C2100E2F256 /* XM_NSTimer */ = {
			isa = PBXGroup;
			children = (
				E5702D79284A4C2100E2F256 /* XMTimer.h */,
				E5702D7A284A4C2100E2F256 /* XMTimer.m */,
			);
			path = XM_NSTimer;
			sourceTree = "<group>";
		};
		E5702D7C284A4C8D00E2F256 /* TimerVC */ = {
			isa = PBXGroup;
			children = (
				E5702D7D284A4CAC00E2F256 /* DemoTimerVC.h */,
				E5702D7E284A4CAC00E2F256 /* DemoTimerVC.m */,
			);
			path = TimerVC;
			sourceTree = "<group>";
		};
		E5702D80284A4E9400E2F256 /* XM_NSNumber */ = {
			isa = PBXGroup;
			children = (
				E5702D81284A4E9400E2F256 /* NSNumber+XMSafe.h */,
				E5702D82284A4E9400E2F256 /* NSNumber+XMSafe.m */,
			);
			path = XM_NSNumber;
			sourceTree = "<group>";
		};
		E5702D84284CAD7300E2F256 /* CircleProgressView */ = {
			isa = PBXGroup;
			children = (
				E5702D85284CADAC00E2F256 /* XMCircleProgressView.h */,
				E5702D86284CADAC00E2F256 /* XMCircleProgressView.m */,
				E5702D8C284CDA3400E2F256 /* XMCircleGradientProgressView.h */,
				E5702D8D284CDA3400E2F256 /* XMCircleGradientProgressView.m */,
			);
			path = CircleProgressView;
			sourceTree = "<group>";
		};
		E5702D88284CAFB200E2F256 /* CircleProgressVC */ = {
			isa = PBXGroup;
			children = (
				E5702D89284CAFD000E2F256 /* DemoCircleProgressVC.h */,
				E5702D8A284CAFD000E2F256 /* DemoCircleProgressVC.m */,
			);
			path = CircleProgressVC;
			sourceTree = "<group>";
		};
		E5702DA4284F564F00E2F256 /* ImageLabelView */ = {
			isa = PBXGroup;
			children = (
				E5702DA5284F567000E2F256 /* XMImageLabelView.h */,
				E5702DA6284F567000E2F256 /* XMImageLabelView.m */,
			);
			path = ImageLabelView;
			sourceTree = "<group>";
		};
		E5702DA8284F5B3400E2F256 /* ImageLabelVC */ = {
			isa = PBXGroup;
			children = (
				E5702DA9284F5B5A00E2F256 /* DemoImageLabelVC.h */,
				E5702DAA284F5B5A00E2F256 /* DemoImageLabelVC.m */,
			);
			path = ImageLabelVC;
			sourceTree = "<group>";
		};
		E5B812952851726400AA86E6 /* XMSortBarView */ = {
			isa = PBXGroup;
			children = (
				E5B812962851727600AA86E6 /* XMSortBarView.h */,
				E5B812972851727600AA86E6 /* XMSortBarView.m */,
			);
			path = XMSortBarView;
			sourceTree = "<group>";
		};
		E5B812992851761100AA86E6 /* SortBarVC */ = {
			isa = PBXGroup;
			children = (
				E5B8129A2851762700AA86E6 /* DemoSortBarVC.h */,
				E5B8129B2851762700AA86E6 /* DemoSortBarVC.m */,
			);
			path = SortBarVC;
			sourceTree = "<group>";
		};
		E5D34920286080C800DB1BBE /* OrderListAlertView */ = {
			isa = PBXGroup;
			children = (
				E5D34921286080E700DB1BBE /* DemoOrderListAlertViewVC.h */,
				E5D34922286080E700DB1BBE /* DemoOrderListAlertViewVC.m */,
			);
			path = OrderListAlertView;
			sourceTree = "<group>";
		};
		E5D4CB442862C6BD007C0B3E /* DatePickerView */ = {
			isa = PBXGroup;
			children = (
				E5D4CB452862C6D5007C0B3E /* XMDatePickerView.h */,
				E5D4CB462862C6D5007C0B3E /* XMDatePickerView.m */,
			);
			path = DatePickerView;
			sourceTree = "<group>";
		};
		E5D4CB482862CC94007C0B3E /* DatePickerView */ = {
			isa = PBXGroup;
			children = (
				E5D4CB492862CCAA007C0B3E /* DemoDatePickerVC.h */,
				E5D4CB4A2862CCAA007C0B3E /* DemoDatePickerVC.m */,
			);
			path = DatePickerView;
			sourceTree = "<group>";
		};
		E5E1138C28581A73007F3182 /* DemoCollectionViewVC */ = {
			isa = PBXGroup;
			children = (
				E5E1138D28581AB9007F3182 /* DemoCollectionVC.h */,
				E5E1138E28581AB9007F3182 /* DemoCollectionVC.m */,
				E5E1139028581DCE007F3182 /* DemoCollectionCell.h */,
				E5E1139128581DCE007F3182 /* DemoCollectionCell.m */,
				E5E1139328582818007F3182 /* MLHorizontalLayout */,
			);
			path = DemoCollectionViewVC;
			sourceTree = "<group>";
		};
		E5E1139328582818007F3182 /* MLHorizontalLayout */ = {
			isa = PBXGroup;
			children = (
				E5E1139728583059007F3182 /* DemoCollectionVC2.h */,
				E5E1139828583059007F3182 /* DemoCollectionVC2.m */,
				E5E1139428582861007F3182 /* MLHorizontalCollectionViewFlowLayout.h */,
				E5E1139528582861007F3182 /* MLHorizontalCollectionViewFlowLayout.m */,
				E583A75C2858321E00CAD1F3 /* DemoHorizontalCollectionViewCell.h */,
				E583A75D2858321E00CAD1F3 /* DemoHorizontalCollectionViewCell.m */,
			);
			path = MLHorizontalLayout;
			sourceTree = "<group>";
		};
		E5E4DC77285ABB44009283FC /* XMRedPointView */ = {
			isa = PBXGroup;
			children = (
				E5E4DC78285ABB57009283FC /* XMRedPointView.h */,
				E5E4DC79285ABB57009283FC /* XMRedPointView.m */,
			);
			path = XMRedPointView;
			sourceTree = "<group>";
		};
		E5E4DC7E285ABCEE009283FC /* RedPointVC */ = {
			isa = PBXGroup;
			children = (
				E5E4DC7B285ABCE8009283FC /* DemoRedPointVC.h */,
				E5E4DC7C285ABCE8009283FC /* DemoRedPointVC.m */,
			);
			path = RedPointVC;
			sourceTree = "<group>";
		};
		FAA24D633BBC10064ABDE163 /* Pods */ = {
			isa = PBXGroup;
			children = (
				B0B116CDD9F7158C7D6F32B7 /* Pods-XMUI_OC.debug.xcconfig */,
				5036F11B7088385DCE192ACF /* Pods-XMUI_OC.release.xcconfig */,
			);
			path = Pods;
			sourceTree = "<group>";
		};
/* End PBXGroup section */

/* Begin PBXNativeTarget section */
		E53CDC72283F3DB500B6AB00 /* XMUI_OC */ = {
			isa = PBXNativeTarget;
			buildConfigurationList = E53CDC8C283F3DB600B6AB00 /* Build configuration list for PBXNativeTarget "XMUI_OC" */;
			buildPhases = (
				76A930CA94239CE70D0D480C /* [CP] Check Pods Manifest.lock */,
				E53CDC6F283F3DB500B6AB00 /* Sources */,
				E53CDC70283F3DB500B6AB00 /* Frameworks */,
				E53CDC71283F3DB500B6AB00 /* Resources */,
			);
			buildRules = (
			);
			dependencies = (
			);
			name = XMUI_OC;
			productName = XMUI_OC;
			productReference = E53CDC73283F3DB500B6AB00 /* XMUI_OC.app */;
			productType = "com.apple.product-type.application";
		};
/* End PBXNativeTarget section */

/* Begin PBXProject section */
		E53CDC6B283F3DB500B6AB00 /* Project object */ = {
			isa = PBXProject;
			attributes = {
				BuildIndependentTargetsInParallel = 1;
				LastUpgradeCheck = 1330;
				TargetAttributes = {
					E53CDC72283F3DB500B6AB00 = {
						CreatedOnToolsVersion = 13.3.1;
					};
				};
			};
			buildConfigurationList = E53CDC6E283F3DB500B6AB00 /* Build configuration list for PBXProject "XMUI_OC" */;
			compatibilityVersion = "Xcode 13.0";
			developmentRegion = en;
			hasScannedForEncodings = 0;
			knownRegions = (
				en,
				Base,
			);
			mainGroup = E53CDC6A283F3DB500B6AB00;
			productRefGroup = E53CDC74283F3DB500B6AB00 /* Products */;
			projectDirPath = "";
			projectRoot = "";
			targets = (
				E53CDC72283F3DB500B6AB00 /* XMUI_OC */,
			);
		};
/* End PBXProject section */

/* Begin PBXResourcesBuildPhase section */
		E53CDC71283F3DB500B6AB00 /* Resources */ = {
			isa = PBXResourcesBuildPhase;
			buildActionMask = 2147483647;
			files = (
				E53CDC86283F3DB600B6AB00 /* LaunchScreen.storyboard in Resources */,
				E53CDC83283F3DB600B6AB00 /* Assets.xcassets in Resources */,
				E53CDC81283F3DB500B6AB00 /* Main.storyboard in Resources */,
				E55F4F782855E89700A236EA /* 2.mp3 in Resources */,
				E526799528432DF000B5FDC7 /* Tabbar.xcassets in Resources */,
				E55F4F772855E89700A236EA /* 1.mp3 in Resources */,
			);
			runOnlyForDeploymentPostprocessing = 0;
		};
/* End PBXResourcesBuildPhase section */

/* Begin PBXShellScriptBuildPhase section */
		76A930CA94239CE70D0D480C /* [CP] Check Pods Manifest.lock */ = {
			isa = PBXShellScriptBuildPhase;
			buildActionMask = 2147483647;
			files = (
			);
			inputFileListPaths = (
			);
			inputPaths = (
				"${PODS_PODFILE_DIR_PATH}/Podfile.lock",
				"${PODS_ROOT}/Manifest.lock",
			);
			name = "[CP] Check Pods Manifest.lock";
			outputFileListPaths = (
			);
			outputPaths = (
				"$(DERIVED_FILE_DIR)/Pods-XMUI_OC-checkManifestLockResult.txt",
			);
			runOnlyForDeploymentPostprocessing = 0;
			shellPath = /bin/sh;
			shellScript = "diff \"${PODS_PODFILE_DIR_PATH}/Podfile.lock\" \"${PODS_ROOT}/Manifest.lock\" > /dev/null\nif [ $? != 0 ] ; then\n    # print error to STDERR\n    echo \"error: The sandbox is not in sync with the Podfile.lock. Run 'pod install' or update your CocoaPods installation.\" >&2\n    exit 1\nfi\n# This output is used by Xcode 'outputs' to avoid re-running this script phase.\necho \"SUCCESS\" > \"${SCRIPT_OUTPUT_FILE_0}\"\n";
			showEnvVarsInLog = 0;
		};
/* End PBXShellScriptBuildPhase section */

/* Begin PBXSourcesBuildPhase section */
		E53CDC6F283F3DB500B6AB00 /* Sources */ = {
			isa = PBXSourcesBuildPhase;
			buildActionMask = 2147483647;
			files = (
				E50059BB2851F64E00928920 /* FirstPageMenuVC.m in Sources */,
				E53CDCBC283F74A900B6AB00 /* DemoToastVC.m in Sources */,
				E53CDCE32841D77400B6AB00 /* XMPopMenu.m in Sources */,
				E5702D8B284CAFD000E2F256 /* DemoCircleProgressVC.m in Sources */,
				E5D3491C28607E1200DB1BBE /* OrderListAlertView.m in Sources */,
				E54054ED285C0E9E00979CA8 /* XMNoDataEmptyView.m in Sources */,
				E5702D73284A485000E2F256 /* NSString+XMTool.m in Sources */,
				E5085E7B28449D2E002863E2 /* UIImage+XMTool.m in Sources */,
				E5702D7F284A4CAC00E2F256 /* DemoTimerVC.m in Sources */,
				E526799E28432FFA00B5FDC7 /* DemoTextFieldVC.m in Sources */,
				E5085E8C28458E44002863E2 /* UIView+XMFrame.m in Sources */,
				E5085EAA284858BD002863E2 /* DemoToolVC.m in Sources */,
				E52679B128444DEE00B5FDC7 /* DemoViewVC.m in Sources */,
				E53CDC7E283F3DB500B6AB00 /* ViewController.m in Sources */,
				E5E4DC7A285ABB57009283FC /* XMRedPointView.m in Sources */,
				E53CDCB1283F519200B6AB00 /* UIView+XMConvertRect.m in Sources */,
				E583A75E2858321E00CAD1F3 /* DemoHorizontalCollectionViewCell.m in Sources */,
				E53CDCB4283F6A4E00B6AB00 /* XMCustomNaviView.m in Sources */,
				E51AD0852842330000DBF3C8 /* XMNavigationController.m in Sources */,
				E5702D91284D60B400E2F256 /* UILabel+GradientLayer.m in Sources */,
				E5E1139228581DCE007F3182 /* DemoCollectionCell.m in Sources */,
				E52679A9284367D900B5FDC7 /* XMTextView.m in Sources */,
				E52679AD284368D400B5FDC7 /* DemoTextViewVC.m in Sources */,
				E5702D69284A47B100E2F256 /* NSObject+XMRuntime.m in Sources */,
				E52679A52843349E00B5FDC7 /* DemoEmptyVC.m in Sources */,
				E5702D7B284A4C2100E2F256 /* XMTimer.m in Sources */,
				E5702DAB284F5B5A00E2F256 /* DemoImageLabelVC.m in Sources */,
				E53CDCAF283F519200B6AB00 /* UIView+XMRotate360.m in Sources */,
				E5085E9928461542002863E2 /* XMCanvasView.m in Sources */,
				E51AD08F28423A1500DBF3C8 /* DemoButtonVC.m in Sources */,
				E53CDC78283F3DB500B6AB00 /* AppDelegate.m in Sources */,
				E5085EAF2848812A002863E2 /* XMUploadProgressView.m in Sources */,
				E5702D71284A485000E2F256 /* NSString+XMBusiness.m in Sources */,
				E51AD0862842330000DBF3C8 /* UINavigationController+FDFullscreenPopGesture.m in Sources */,
				E5E1139928583059007F3182 /* DemoCollectionVC2.m in Sources */,
				E5085E9D28461901002863E2 /* DemoSignVC.m in Sources */,
				E53CDC9A283F42E600B6AB00 /* UITableView+XMTool.m in Sources */,
				E51AD07E2841D7F900DBF3C8 /* DemoPopMenuVC.m in Sources */,
				E53CDCA3283F502D00B6AB00 /* UIColor+XMTool.m in Sources */,
				E53CDCA7283F50DA00B6AB00 /* UIButton+XMTool.m in Sources */,
				E53CDC95283F427E00B6AB00 /* UILabel+XMTool.m in Sources */,
				0CF30BE629960853000CE702 /* TestVCViewController.m in Sources */,
				E53CDCB8283F6BA400B6AB00 /* XMToast.m in Sources */,
				E5E4DC7D285ABCE8009283FC /* DemoRedPointVC.m in Sources */,
				E50059B82851F3D100928920 /* DemoPageMenuVC.m in Sources */,
				E5D4CB472862C6D5007C0B3E /* XMDatePickerView.m in Sources */,
				E5D3491F28607E6B00DB1BBE /* OrderListCell.m in Sources */,
				E53CDCB0283F519200B6AB00 /* UIView+XMTool.m in Sources */,
				E5702D83284A4E9400E2F256 /* NSNumber+XMSafe.m in Sources */,
				E54054F0285C0FAC00979CA8 /* DemoNoDataEmptyVC.m in Sources */,
				E5B8129C2851762700AA86E6 /* DemoSortBarVC.m in Sources */,
				E55F4F742855E65100A236EA /* BigEatSmallVC.m in Sources */,
				E53CDC89283F3DB600B6AB00 /* main.m in Sources */,
				E52679A22843332200B5FDC7 /* XMEmptyView.m in Sources */,
				E5B812982851727600AA86E6 /* XMSortBarView.m in Sources */,
				E5E1138F28581AB9007F3182 /* DemoCollectionVC.m in Sources */,
				E5D4CB4B2862CCAA007C0B3E /* DemoDatePickerVC.m in Sources */,
				0CF30BE32995FF66000CE702 /* Person.m in Sources */,
				E5702D8E284CDA3400E2F256 /* XMCircleGradientProgressView.m in Sources */,
				E5702D65284A479600E2F256 /* NSArray+XMSafe.m in Sources */,
				E5085EA5284850E8002863E2 /* XMTool.m in Sources */,
				E53CDCDF2840D69A00B6AB00 /* DemoLabelVC.m in Sources */,
				E526799A28432F9400B5FDC7 /* UITextField+XMTool.m in Sources */,
				E5702D72284A485000E2F256 /* NSString+XMValid.m in Sources */,
				E5702D77284A48C300E2F256 /* NSDate+XMTool.m in Sources */,
				E5085EB228488E40002863E2 /* DemoUploadProgressVC.m in Sources */,
				E526799628432DF000B5FDC7 /* XMTabBarVC.m in Sources */,
				E5085E7E28449D5C002863E2 /* DemoImageVC.m in Sources */,
				E5702D64284A479600E2F256 /* NSMutableDictionary+XMSafe.m in Sources */,
				E5085E952846147F002863E2 /* XMSignView.m in Sources */,
				E5702DA7284F567000E2F256 /* XMImageLabelView.m in Sources */,
				E5085E832844E327002863E2 /* XMAlertView.m in Sources */,
				E5085E882844ED74002863E2 /* DemoAlertVC.m in Sources */,
				E5702D4228489A6A00E2F256 /* XMProgressBarView.m in Sources */,
				E5D34923286080E700DB1BBE /* DemoOrderListAlertViewVC.m in Sources */,
				E5702D5D284A46D000E2F256 /* XMLocationTrans.m in Sources */,
				E5702D87284CADAC00E2F256 /* XMCircleProgressView.m in Sources */,
				E50059B42851F36700928920 /* SPPageMenu.m in Sources */,
				E5E1139628582861007F3182 /* MLHorizontalCollectionViewFlowLayout.m in Sources */,
				E51AD08A284233D800DBF3C8 /* DemoBaseVC.m in Sources */,
			);
			runOnlyForDeploymentPostprocessing = 0;
		};
/* End PBXSourcesBuildPhase section */

/* Begin PBXVariantGroup section */
		E53CDC7F283F3DB500B6AB00 /* Main.storyboard */ = {
			isa = PBXVariantGroup;
			children = (
				E53CDC80283F3DB500B6AB00 /* Base */,
			);
			name = Main.storyboard;
			sourceTree = "<group>";
		};
		E53CDC84283F3DB600B6AB00 /* LaunchScreen.storyboard */ = {
			isa = PBXVariantGroup;
			children = (
				E53CDC85283F3DB600B6AB00 /* Base */,
			);
			name = LaunchScreen.storyboard;
			sourceTree = "<group>";
		};
/* End PBXVariantGroup section */

/* Begin XCBuildConfiguration section */
		E53CDC8A283F3DB600B6AB00 /* Debug */ = {
			isa = XCBuildConfiguration;
			buildSettings = {
				ALWAYS_SEARCH_USER_PATHS = NO;
				CLANG_ANALYZER_NONNULL = YES;
				CLANG_ANALYZER_NUMBER_OBJECT_CONVERSION = YES_AGGRESSIVE;
				CLANG_CXX_LANGUAGE_STANDARD = "gnu++17";
				CLANG_ENABLE_MODULES = YES;
				CLANG_ENABLE_OBJC_ARC = YES;
				CLANG_ENABLE_OBJC_WEAK = YES;
				CLANG_WARN_BLOCK_CAPTURE_AUTORELEASING = YES;
				CLANG_WARN_BOOL_CONVERSION = YES;
				CLANG_WARN_COMMA = YES;
				CLANG_WARN_CONSTANT_CONVERSION = YES;
				CLANG_WARN_DEPRECATED_OBJC_IMPLEMENTATIONS = YES;
				CLANG_WARN_DIRECT_OBJC_ISA_USAGE = YES_ERROR;
				CLANG_WARN_DOCUMENTATION_COMMENTS = YES;
				CLANG_WARN_EMPTY_BODY = YES;
				CLANG_WARN_ENUM_CONVERSION = YES;
				CLANG_WARN_INFINITE_RECURSION = YES;
				CLANG_WARN_INT_CONVERSION = YES;
				CLANG_WARN_NON_LITERAL_NULL_CONVERSION = YES;
				CLANG_WARN_OBJC_IMPLICIT_RETAIN_SELF = YES;
				CLANG_WARN_OBJC_LITERAL_CONVERSION = YES;
				CLANG_WARN_OBJC_ROOT_CLASS = YES_ERROR;
				CLANG_WARN_QUOTED_INCLUDE_IN_FRAMEWORK_HEADER = YES;
				CLANG_WARN_RANGE_LOOP_ANALYSIS = YES;
				CLANG_WARN_STRICT_PROTOTYPES = YES;
				CLANG_WARN_SUSPICIOUS_MOVE = YES;
				CLANG_WARN_UNGUARDED_AVAILABILITY = YES_AGGRESSIVE;
				CLANG_WARN_UNREACHABLE_CODE = YES;
				CLANG_WARN__DUPLICATE_METHOD_MATCH = YES;
				COPY_PHASE_STRIP = NO;
				DEBUG_INFORMATION_FORMAT = dwarf;
				ENABLE_STRICT_OBJC_MSGSEND = YES;
				ENABLE_TESTABILITY = YES;
				GCC_C_LANGUAGE_STANDARD = gnu11;
				GCC_DYNAMIC_NO_PIC = NO;
				GCC_NO_COMMON_BLOCKS = YES;
				GCC_OPTIMIZATION_LEVEL = 0;
				GCC_PREPROCESSOR_DEFINITIONS = (
					"DEBUG=1",
					"$(inherited)",
				);
				GCC_WARN_64_TO_32_BIT_CONVERSION = YES;
				GCC_WARN_ABOUT_RETURN_TYPE = YES_ERROR;
				GCC_WARN_UNDECLARED_SELECTOR = YES;
				GCC_WARN_UNINITIALIZED_AUTOS = YES_AGGRESSIVE;
				GCC_WARN_UNUSED_FUNCTION = YES;
				GCC_WARN_UNUSED_VARIABLE = YES;
				IPHONEOS_DEPLOYMENT_TARGET = 10.0;
				MTL_ENABLE_DEBUG_INFO = INCLUDE_SOURCE;
				MTL_FAST_MATH = YES;
				ONLY_ACTIVE_ARCH = YES;
				SDKROOT = iphoneos;
			};
			name = Debug;
		};
		E53CDC8B283F3DB600B6AB00 /* Release */ = {
			isa = XCBuildConfiguration;
			buildSettings = {
				ALWAYS_SEARCH_USER_PATHS = NO;
				CLANG_ANALYZER_NONNULL = YES;
				CLANG_ANALYZER_NUMBER_OBJECT_CONVERSION = YES_AGGRESSIVE;
				CLANG_CXX_LANGUAGE_STANDARD = "gnu++17";
				CLANG_ENABLE_MODULES = YES;
				CLANG_ENABLE_OBJC_ARC = YES;
				CLANG_ENABLE_OBJC_WEAK = YES;
				CLANG_WARN_BLOCK_CAPTURE_AUTORELEASING = YES;
				CLANG_WARN_BOOL_CONVERSION = YES;
				CLANG_WARN_COMMA = YES;
				CLANG_WARN_CONSTANT_CONVERSION = YES;
				CLANG_WARN_DEPRECATED_OBJC_IMPLEMENTATIONS = YES;
				CLANG_WARN_DIRECT_OBJC_ISA_USAGE = YES_ERROR;
				CLANG_WARN_DOCUMENTATION_COMMENTS = YES;
				CLANG_WARN_EMPTY_BODY = YES;
				CLANG_WARN_ENUM_CONVERSION = YES;
				CLANG_WARN_INFINITE_RECURSION = YES;
				CLANG_WARN_INT_CONVERSION = YES;
				CLANG_WARN_NON_LITERAL_NULL_CONVERSION = YES;
				CLANG_WARN_OBJC_IMPLICIT_RETAIN_SELF = YES;
				CLANG_WARN_OBJC_LITERAL_CONVERSION = YES;
				CLANG_WARN_OBJC_ROOT_CLASS = YES_ERROR;
				CLANG_WARN_QUOTED_INCLUDE_IN_FRAMEWORK_HEADER = YES;
				CLANG_WARN_RANGE_LOOP_ANALYSIS = YES;
				CLANG_WARN_STRICT_PROTOTYPES = YES;
				CLANG_WARN_SUSPICIOUS_MOVE = YES;
				CLANG_WARN_UNGUARDED_AVAILABILITY = YES_AGGRESSIVE;
				CLANG_WARN_UNREACHABLE_CODE = YES;
				CLANG_WARN__DUPLICATE_METHOD_MATCH = YES;
				COPY_PHASE_STRIP = NO;
				DEBUG_INFORMATION_FORMAT = "dwarf-with-dsym";
				ENABLE_NS_ASSERTIONS = NO;
				ENABLE_STRICT_OBJC_MSGSEND = YES;
				GCC_C_LANGUAGE_STANDARD = gnu11;
				GCC_NO_COMMON_BLOCKS = YES;
				GCC_WARN_64_TO_32_BIT_CONVERSION = YES;
				GCC_WARN_ABOUT_RETURN_TYPE = YES_ERROR;
				GCC_WARN_UNDECLARED_SELECTOR = YES;
				GCC_WARN_UNINITIALIZED_AUTOS = YES_AGGRESSIVE;
				GCC_WARN_UNUSED_FUNCTION = YES;
				GCC_WARN_UNUSED_VARIABLE = YES;
				IPHONEOS_DEPLOYMENT_TARGET = 10.0;
				MTL_ENABLE_DEBUG_INFO = NO;
				MTL_FAST_MATH = YES;
				SDKROOT = iphoneos;
				VALIDATE_PRODUCT = YES;
			};
			name = Release;
		};
		E53CDC8D283F3DB600B6AB00 /* Debug */ = {
			isa = XCBuildConfiguration;
			baseConfigurationReference = B0B116CDD9F7158C7D6F32B7 /* Pods-XMUI_OC.debug.xcconfig */;
			buildSettings = {
				ASSETCATALOG_COMPILER_APPICON_NAME = AppIcon;
				ASSETCATALOG_COMPILER_GLOBAL_ACCENT_COLOR_NAME = AccentColor;
				CODE_SIGN_STYLE = Automatic;
				CURRENT_PROJECT_VERSION = 3;
				DEVELOPMENT_TEAM = S547MGLNZ8;
				GCC_PREFIX_HEADER = "$(SRCROOT)/XMUI_OC/PrefixHeader.pch";
				GENERATE_INFOPLIST_FILE = YES;
				INFOPLIST_FILE = XMUI_OC/Info.plist;
				INFOPLIST_KEY_NSPhotoLibraryAddUsageDescription = "需要访问您的相册，为您提供保持图片等服务";
				INFOPLIST_KEY_UIApplicationSupportsIndirectInputEvents = YES;
				INFOPLIST_KEY_UILaunchStoryboardName = LaunchScreen;
				INFOPLIST_KEY_UIMainStoryboardFile = Main;
				INFOPLIST_KEY_UISupportedInterfaceOrientations = "UIInterfaceOrientationPortrait UIInterfaceOrientationLandscapeLeft UIInterfaceOrientationLandscapeRight";
				INFOPLIST_KEY_UISupportedInterfaceOrientations_iPad = "UIInterfaceOrientationPortrait UIInterfaceOrientationPortraitUpsideDown UIInterfaceOrientationLandscapeLeft UIInterfaceOrientationLandscapeRight";
				INFOPLIST_KEY_UISupportedInterfaceOrientations_iPhone = "UIInterfaceOrientationPortrait UIInterfaceOrientationLandscapeLeft UIInterfaceOrientationLandscapeRight";
				IPHONEOS_DEPLOYMENT_TARGET = 12.0;
				LD_RUNPATH_SEARCH_PATHS = (
					"$(inherited)",
					"@executable_path/Frameworks",
				);
				MARKETING_VERSION = 1.0.0;
				PRODUCT_BUNDLE_IDENTIFIER = "com.xiaoming.XMUI-OC";
				PRODUCT_NAME = "$(TARGET_NAME)";
				SWIFT_EMIT_LOC_STRINGS = YES;
				TARGETED_DEVICE_FAMILY = "1,2";
			};
			name = Debug;
		};
		E53CDC8E283F3DB600B6AB00 /* Release */ = {
			isa = XCBuildConfiguration;
			baseConfigurationReference = 5036F11B7088385DCE192ACF /* Pods-XMUI_OC.release.xcconfig */;
			buildSettings = {
				ASSETCATALOG_COMPILER_APPICON_NAME = AppIcon;
				ASSETCATALOG_COMPILER_GLOBAL_ACCENT_COLOR_NAME = AccentColor;
				CODE_SIGN_STYLE = Automatic;
				CURRENT_PROJECT_VERSION = 3;
				DEVELOPMENT_TEAM = S547MGLNZ8;
				GCC_PREFIX_HEADER = "$(SRCROOT)/XMUI_OC/PrefixHeader.pch";
				GENERATE_INFOPLIST_FILE = YES;
				INFOPLIST_FILE = XMUI_OC/Info.plist;
				INFOPLIST_KEY_NSPhotoLibraryAddUsageDescription = "需要访问您的相册，为您提供保持图片等服务";
				INFOPLIST_KEY_UIApplicationSupportsIndirectInputEvents = YES;
				INFOPLIST_KEY_UILaunchStoryboardName = LaunchScreen;
				INFOPLIST_KEY_UIMainStoryboardFile = Main;
				INFOPLIST_KEY_UISupportedInterfaceOrientations = "UIInterfaceOrientationPortrait UIInterfaceOrientationLandscapeLeft UIInterfaceOrientationLandscapeRight";
				INFOPLIST_KEY_UISupportedInterfaceOrientations_iPad = "UIInterfaceOrientationPortrait UIInterfaceOrientationPortraitUpsideDown UIInterfaceOrientationLandscapeLeft UIInterfaceOrientationLandscapeRight";
				INFOPLIST_KEY_UISupportedInterfaceOrientations_iPhone = "UIInterfaceOrientationPortrait UIInterfaceOrientationLandscapeLeft UIInterfaceOrientationLandscapeRight";
				IPHONEOS_DEPLOYMENT_TARGET = 12.0;
				LD_RUNPATH_SEARCH_PATHS = (
					"$(inherited)",
					"@executable_path/Frameworks",
				);
				MARKETING_VERSION = 1.0.0;
				PRODUCT_BUNDLE_IDENTIFIER = "com.xiaoming.XMUI-OC";
				PRODUCT_NAME = "$(TARGET_NAME)";
				SWIFT_EMIT_LOC_STRINGS = YES;
				TARGETED_DEVICE_FAMILY = "1,2";
			};
			name = Release;
		};
/* End XCBuildConfiguration section */

/* Begin XCConfigurationList section */
		E53CDC6E283F3DB500B6AB00 /* Build configuration list for PBXProject "XMUI_OC" */ = {
			isa = XCConfigurationList;
			buildConfigurations = (
				E53CDC8A283F3DB600B6AB00 /* Debug */,
				E53CDC8B283F3DB600B6AB00 /* Release */,
			);
			defaultConfigurationIsVisible = 0;
			defaultConfigurationName = Release;
		};
		E53CDC8C283F3DB600B6AB00 /* Build configuration list for PBXNativeTarget "XMUI_OC" */ = {
			isa = XCConfigurationList;
			buildConfigurations = (
				E53CDC8D283F3DB600B6AB00 /* Debug */,
				E53CDC8E283F3DB600B6AB00 /* Release */,
			);
			defaultConfigurationIsVisible = 0;
			defaultConfigurationName = Release;
		};
/* End XCConfigurationList section */
	};
	rootObject = E53CDC6B283F3DB500B6AB00 /* Project object */;
}
